// !$*UTF8*$!
{
	archiveVersion = 1;
	classes = {
	};
	objectVersion = 46;
	objects = {

/* Begin PBXBuildFile section */
		27DD23D51B70514700C61546 /* main.m in Sources */ = {isa = PBXBuildFile; fileRef = 27DD23D41B70514700C61546 /* main.m */; };
		27DD23D81B70514700C61546 /* AppDelegate.m in Sources */ = {isa = PBXBuildFile; fileRef = 27DD23D71B70514700C61546 /* AppDelegate.m */; };
		27DD23DB1B70514700C61546 /* ViewController.m in Sources */ = {isa = PBXBuildFile; fileRef = 27DD23DA1B70514700C61546 /* ViewController.m */; };
		27DD23E01B70514700C61546 /* Images.xcassets in Resources */ = {isa = PBXBuildFile; fileRef = 27DD23DF1B70514700C61546 /* Images.xcassets */; };
		27DD23EF1B70514700C61546 /* angelslikeTests.m in Sources */ = {isa = PBXBuildFile; fileRef = 27DD23EE1B70514700C61546 /* angelslikeTests.m */; };
		27DD23FB1B70565700C61546 /* MainViewController.m in Sources */ = {isa = PBXBuildFile; fileRef = 27DD23FA1B70565700C61546 /* MainViewController.m */; };
		27DD23FF1B70584700C61546 /* UIColor+HexColor.m in Sources */ = {isa = PBXBuildFile; fileRef = 27DD23FE1B70584700C61546 /* UIColor+HexColor.m */; };
		27DD24041B705C8400C61546 /* MainCell.m in Sources */ = {isa = PBXBuildFile; fileRef = 27DD24031B705C8400C61546 /* MainCell.m */; };
		27DD240B1B7061A000C61546 /* ImageDownloader.m in Sources */ = {isa = PBXBuildFile; fileRef = 27DD240A1B7061A000C61546 /* ImageDownloader.m */; };
		27DD240E1B70639B00C61546 /* NetWork.m in Sources */ = {isa = PBXBuildFile; fileRef = 27DD240D1B70639B00C61546 /* NetWork.m */; };
/* End PBXBuildFile section */

/* Begin PBXContainerItemProxy section */
		27DD23E91B70514700C61546 /* PBXContainerItemProxy */ = {
			isa = PBXContainerItemProxy;
			containerPortal = 27DD23C71B70514700C61546 /* Project object */;
			proxyType = 1;
			remoteGlobalIDString = 27DD23CE1B70514700C61546;
			remoteInfo = angelslike;
		};
/* End PBXContainerItemProxy section */

/* Begin PBXFileReference section */
		27DD23CF1B70514700C61546 /* angelslike.app */ = {isa = PBXFileReference; explicitFileType = wrapper.application; includeInIndex = 0; path = angelslike.app; sourceTree = BUILT_PRODUCTS_DIR; };
		27DD23D31B70514700C61546 /* Info.plist */ = {isa = PBXFileReference; lastKnownFileType = text.plist.xml; path = Info.plist; sourceTree = "<group>"; };
		27DD23D41B70514700C61546 /* main.m */ = {isa = PBXFileReference; lastKnownFileType = sourcecode.c.objc; path = main.m; sourceTree = "<group>"; };
		27DD23D61B70514700C61546 /* AppDelegate.h */ = {isa = PBXFileReference; lastKnownFileType = sourcecode.c.h; path = AppDelegate.h; sourceTree = "<group>"; };
		27DD23D71B70514700C61546 /* AppDelegate.m */ = {isa = PBXFileReference; lastKnownFileType = sourcecode.c.objc; path = AppDelegate.m; sourceTree = "<group>"; };
		27DD23D91B70514700C61546 /* ViewController.h */ = {isa = PBXFileReference; lastKnownFileType = sourcecode.c.h; path = ViewController.h; sourceTree = "<group>"; };
		27DD23DA1B70514700C61546 /* ViewController.m */ = {isa = PBXFileReference; lastKnownFileType = sourcecode.c.objc; path = ViewController.m; sourceTree = "<group>"; };
		27DD23DF1B70514700C61546 /* Images.xcassets */ = {isa = PBXFileReference; lastKnownFileType = folder.assetcatalog; path = Images.xcassets; sourceTree = "<group>"; };
		27DD23E81B70514700C61546 /* angelslikeTests.xctest */ = {isa = PBXFileReference; explicitFileType = wrapper.cfbundle; includeInIndex = 0; path = angelslikeTests.xctest; sourceTree = BUILT_PRODUCTS_DIR; };
		27DD23ED1B70514700C61546 /* Info.plist */ = {isa = PBXFileReference; lastKnownFileType = text.plist.xml; path = Info.plist; sourceTree = "<group>"; };
		27DD23EE1B70514700C61546 /* angelslikeTests.m */ = {isa = PBXFileReference; lastKnownFileType = sourcecode.c.objc; path = angelslikeTests.m; sourceTree = "<group>"; };
		27DD23F91B70565700C61546 /* MainViewController.h */ = {isa = PBXFileReference; fileEncoding = 4; lastKnownFileType = sourcecode.c.h; path = MainViewController.h; sourceTree = "<group>"; };
		27DD23FA1B70565700C61546 /* MainViewController.m */ = {isa = PBXFileReference; fileEncoding = 4; lastKnownFileType = sourcecode.c.objc; path = MainViewController.m; sourceTree = "<group>"; };
		27DD23FD1B70584700C61546 /* UIColor+HexColor.h */ = {isa = PBXFileReference; fileEncoding = 4; lastKnownFileType = sourcecode.c.h; path = "UIColor+HexColor.h"; sourceTree = "<group>"; };
		27DD23FE1B70584700C61546 /* UIColor+HexColor.m */ = {isa = PBXFileReference; fileEncoding = 4; lastKnownFileType = sourcecode.c.objc; path = "UIColor+HexColor.m"; sourceTree = "<group>"; };
		27DD24021B705C8400C61546 /* MainCell.h */ = {isa = PBXFileReference; fileEncoding = 4; lastKnownFileType = sourcecode.c.h; path = MainCell.h; sourceTree = "<group>"; };
		27DD24031B705C8400C61546 /* MainCell.m */ = {isa = PBXFileReference; fileEncoding = 4; lastKnownFileType = sourcecode.c.objc; path = MainCell.m; sourceTree = "<group>"; };
		27DD24091B7061A000C61546 /* ImageDownloader.h */ = {isa = PBXFileReference; fileEncoding = 4; lastKnownFileType = sourcecode.c.h; path = ImageDownloader.h; sourceTree = "<group>"; };
		27DD240A1B7061A000C61546 /* ImageDownloader.m */ = {isa = PBXFileReference; fileEncoding = 4; lastKnownFileType = sourcecode.c.objc; path = ImageDownloader.m; sourceTree = "<group>"; };
		27DD240C1B70639B00C61546 /* NetWork.h */ = {isa = PBXFileReference; fileEncoding = 4; lastKnownFileType = sourcecode.c.h; path = NetWork.h; sourceTree = "<group>"; };
		27DD240D1B70639B00C61546 /* NetWork.m */ = {isa = PBXFileReference; fileEncoding = 4; lastKnownFileType = sourcecode.c.objc; path = NetWork.m; sourceTree = "<group>"; };
		27DD240F1B70682000C61546 /* HeaderDefiner.h */ = {isa = PBXFileReference; fileEncoding = 4; lastKnownFileType = sourcecode.c.h; path = HeaderDefiner.h; sourceTree = "<group>"; };
/* End PBXFileReference section */

/* Begin PBXFrameworksBuildPhase section */
		27DD23CC1B70514700C61546 /* Frameworks */ = {
			isa = PBXFrameworksBuildPhase;
			buildActionMask = 2147483647;
			files = (
			);
			runOnlyForDeploymentPostprocessing = 0;
		};
		27DD23E51B70514700C61546 /* Frameworks */ = {
			isa = PBXFrameworksBuildPhase;
			buildActionMask = 2147483647;
			files = (
			);
			runOnlyForDeploymentPostprocessing = 0;
		};
/* End PBXFrameworksBuildPhase section */

/* Begin PBXGroup section */
		27DD23C61B70514700C61546 = {
			isa = PBXGroup;
			children = (
				27DD23D11B70514700C61546 /* angelslike */,
				27DD23EB1B70514700C61546 /* angelslikeTests */,
				27DD23D01B70514700C61546 /* Products */,
			);
			sourceTree = "<group>";
		};
		27DD23D01B70514700C61546 /* Products */ = {
			isa = PBXGroup;
			children = (
				27DD23CF1B70514700C61546 /* angelslike.app */,
				27DD23E81B70514700C61546 /* angelslikeTests.xctest */,
			);
			name = Products;
			sourceTree = "<group>";
		};
		27DD23D11B70514700C61546 /* angelslike */ = {
			isa = PBXGroup;
			children = (
				27DD24011B70593C00C61546 /* 第三方 */,
				27DD24001B70592D00C61546 /* 自定义控件 */,
				27DD23FC1B7057E100C61546 /* 常用类 */,
				27DD23F81B70562400C61546 /* 主页 */,
				27DD23D61B70514700C61546 /* AppDelegate.h */,
				27DD23D71B70514700C61546 /* AppDelegate.m */,
				27DD23D91B70514700C61546 /* ViewController.h */,
				27DD23DA1B70514700C61546 /* ViewController.m */,
				27DD23DF1B70514700C61546 /* Images.xcassets */,
				27DD23D21B70514700C61546 /* Supporting Files */,
			);
			path = angelslike;
			sourceTree = "<group>";
		};
		27DD23D21B70514700C61546 /* Supporting Files */ = {
			isa = PBXGroup;
			children = (
				27DD23D31B70514700C61546 /* Info.plist */,
				27DD23D41B70514700C61546 /* main.m */,
			);
			name = "Supporting Files";
			sourceTree = "<group>";
		};
		27DD23EB1B70514700C61546 /* angelslikeTests */ = {
			isa = PBXGroup;
			children = (
				27DD23EE1B70514700C61546 /* angelslikeTests.m */,
				27DD23EC1B70514700C61546 /* Supporting Files */,
			);
			path = angelslikeTests;
			sourceTree = "<group>";
		};
		27DD23EC1B70514700C61546 /* Supporting Files */ = {
			isa = PBXGroup;
			children = (
				27DD23ED1B70514700C61546 /* Info.plist */,
			);
			name = "Supporting Files";
			sourceTree = "<group>";
		};
		27DD23F81B70562400C61546 /* 主页 */ = {
			isa = PBXGroup;
			children = (
				27DD23F91B70565700C61546 /* MainViewController.h */,
				27DD23FA1B70565700C61546 /* MainViewController.m */,
			);
			name = "主页";
			sourceTree = "<group>";
		};
		27DD23FC1B7057E100C61546 /* 常用类 */ = {
			isa = PBXGroup;
			children = (
				27DD23FD1B70584700C61546 /* UIColor+HexColor.h */,
				27DD23FE1B70584700C61546 /* UIColor+HexColor.m */,
				27DD24091B7061A000C61546 /* ImageDownloader.h */,
				27DD240A1B7061A000C61546 /* ImageDownloader.m */,
				27DD240C1B70639B00C61546 /* NetWork.h */,
				27DD240D1B70639B00C61546 /* NetWork.m */,
				27DD240F1B70682000C61546 /* HeaderDefiner.h */,
			);
			name = "常用类";
			sourceTree = "<group>";
		};
		27DD24001B70592D00C61546 /* 自定义控件 */ = {
			isa = PBXGroup;
			children = (
				27DD24021B705C8400C61546 /* MainCell.h */,
				27DD24031B705C8400C61546 /* MainCell.m */,
			);
			name = "自定义控件";
			sourceTree = "<group>";
		};
		27DD24011B70593C00C61546 /* 第三方 */ = {
			isa = PBXGroup;
			children = (
			);
			name = "第三方";
			sourceTree = "<group>";
		};
/* End PBXGroup section */

/* Begin PBXNativeTarget section */
		27DD23CE1B70514700C61546 /* angelslike */ = {
			isa = PBXNativeTarget;
			buildConfigurationList = 27DD23F21B70514700C61546 /* Build configuration list for PBXNativeTarget "angelslike" */;
			buildPhases = (
				27DD23CB1B70514700C61546 /* Sources */,
				27DD23CC1B70514700C61546 /* Frameworks */,
				27DD23CD1B70514700C61546 /* Resources */,
			);
			buildRules = (
			);
			dependencies = (
			);
			name = angelslike;
			productName = angelslike;
			productReference = 27DD23CF1B70514700C61546 /* angelslike.app */;
			productType = "com.apple.product-type.application";
		};
		27DD23E71B70514700C61546 /* angelslikeTests */ = {
			isa = PBXNativeTarget;
			buildConfigurationList = 27DD23F51B70514700C61546 /* Build configuration list for PBXNativeTarget "angelslikeTests" */;
			buildPhases = (
				27DD23E41B70514700C61546 /* Sources */,
				27DD23E51B70514700C61546 /* Frameworks */,
				27DD23E61B70514700C61546 /* Resources */,
			);
			buildRules = (
			);
			dependencies = (
				27DD23EA1B70514700C61546 /* PBXTargetDependency */,
			);
			name = angelslikeTests;
			productName = angelslikeTests;
			productReference = 27DD23E81B70514700C61546 /* angelslikeTests.xctest */;
			productType = "com.apple.product-type.bundle.unit-test";
		};
/* End PBXNativeTarget section */

/* Begin PBXProject section */
		27DD23C71B70514700C61546 /* Project object */ = {
			isa = PBXProject;
			attributes = {
				LastUpgradeCheck = 0640;
				ORGANIZATIONNAME = angelslike;
				TargetAttributes = {
					27DD23CE1B70514700C61546 = {
						CreatedOnToolsVersion = 6.4;
					};
					27DD23E71B70514700C61546 = {
						CreatedOnToolsVersion = 6.4;
						TestTargetID = 27DD23CE1B70514700C61546;
					};
				};
			};
			buildConfigurationList = 27DD23CA1B70514700C61546 /* Build configuration list for PBXProject "angelslike" */;
			compatibilityVersion = "Xcode 3.2";
			developmentRegion = English;
			hasScannedForEncodings = 0;
			knownRegions = (
				en,
				Base,
			);
			mainGroup = 27DD23C61B70514700C61546;
			productRefGroup = 27DD23D01B70514700C61546 /* Products */;
			projectDirPath = "";
			projectRoot = "";
			targets = (
				27DD23CE1B70514700C61546 /* angelslike */,
				27DD23E71B70514700C61546 /* angelslikeTests */,
			);
		};
/* End PBXProject section */

/* Begin PBXResourcesBuildPhase section */
		27DD23CD1B70514700C61546 /* Resources */ = {
			isa = PBXResourcesBuildPhase;
			buildActionMask = 2147483647;
			files = (
				27DD23E01B70514700C61546 /* Images.xcassets in Resources */,
			);
			runOnlyForDeploymentPostprocessing = 0;
		};
		27DD23E61B70514700C61546 /* Resources */ = {
			isa = PBXResourcesBuildPhase;
			buildActionMask = 2147483647;
			files = (
			);
			runOnlyForDeploymentPostprocessing = 0;
		};
/* End PBXResourcesBuildPhase section */

/* Begin PBXSourcesBuildPhase section */
		27DD23CB1B70514700C61546 /* Sources */ = {
			isa = PBXSourcesBuildPhase;
			buildActionMask = 2147483647;
			files = (
				27DD23DB1B70514700C61546 /* ViewController.m in Sources */,
				27DD23D81B70514700C61546 /* AppDelegate.m in Sources */,
				27DD24041B705C8400C61546 /* MainCell.m in Sources */,
				27DD23FF1B70584700C61546 /* UIColor+HexColor.m in Sources */,
				27DD23D51B70514700C61546 /* main.m in Sources */,
				27DD240B1B7061A000C61546 /* ImageDownloader.m in Sources */,
				27DD240E1B70639B00C61546 /* NetWork.m in Sources */,
				27DD23FB1B70565700C61546 /* MainViewController.m in Sources */,
			);
			runOnlyForDeploymentPostprocessing = 0;
		};
		27DD23E41B70514700C61546 /* Sources */ = {
			isa = PBXSourcesBuildPhase;
			buildActionMask = 2147483647;
			files = (
				27DD23EF1B70514700C61546 /* angelslikeTests.m in Sources */,
			);
			runOnlyForDeploymentPostprocessing = 0;
		};
/* End PBXSourcesBuildPhase section */

/* Begin PBXTargetDependency section */
		27DD23EA1B70514700C61546 /* PBXTargetDependency */ = {
			isa = PBXTargetDependency;
			target = 27DD23CE1B70514700C61546 /* angelslike */;
			targetProxy = 27DD23E91B70514700C61546 /* PBXContainerItemProxy */;
		};
/* End PBXTargetDependency section */

/* Begin XCBuildConfiguration section */
		27DD23F01B70514700C61546 /* Debug */ = {
			isa = XCBuildConfiguration;
			buildSettings = {
				ALWAYS_SEARCH_USER_PATHS = NO;
				CLANG_CXX_LANGUAGE_STANDARD = "gnu++0x";
				CLANG_CXX_LIBRARY = "libc++";
				CLANG_ENABLE_MODULES = YES;
				CLANG_ENABLE_OBJC_ARC = YES;
				CLANG_WARN_BOOL_CONVERSION = YES;
				CLANG_WARN_CONSTANT_CONVERSION = YES;
				CLANG_WARN_DIRECT_OBJC_ISA_USAGE = YES_ERROR;
				CLANG_WARN_EMPTY_BODY = YES;
				CLANG_WARN_ENUM_CONVERSION = YES;
				CLANG_WARN_INT_CONVERSION = YES;
				CLANG_WARN_OBJC_ROOT_CLASS = YES_ERROR;
				CLANG_WARN_UNREACHABLE_CODE = YES;
				CLANG_WARN__DUPLICATE_METHOD_MATCH = YES;
				"CODE_SIGN_IDENTITY[sdk=iphoneos*]" = "iPhone Developer";
				COPY_PHASE_STRIP = NO;
				DEBUG_INFORMATION_FORMAT = "dwarf-with-dsym";
				ENABLE_STRICT_OBJC_MSGSEND = YES;
				GCC_C_LANGUAGE_STANDARD = gnu99;
				GCC_DYNAMIC_NO_PIC = NO;
				GCC_NO_COMMON_BLOCKS = YES;
				GCC_OPTIMIZATION_LEVEL = 0;
				GCC_PREPROCESSOR_DEFINITIONS = (
					"DEBUG=1",
					"$(inherited)",
				);
				GCC_SYMBOLS_PRIVATE_EXTERN = NO;
				GCC_WARN_64_TO_32_BIT_CONVERSION = YES;
				GCC_WARN_ABOUT_RETURN_TYPE = YES_ERROR;
				GCC_WARN_UNDECLARED_SELECTOR = YES;
				GCC_WARN_UNINITIALIZED_AUTOS = YES_AGGRESSIVE;
				GCC_WARN_UNUSED_FUNCTION = YES;
				GCC_WARN_UNUSED_VARIABLE = YES;
				IPHONEOS_DEPLOYMENT_TARGET = 8.4;
				MTL_ENABLE_DEBUG_INFO = YES;
				ONLY_ACTIVE_ARCH = YES;
				SDKROOT = iphoneos;
			};
			name = Debug;
		};
		27DD23F11B70514700C61546 /* Release */ = {
			isa = XCBuildConfiguration;
			buildSettings = {
				ALWAYS_SEARCH_USER_PATHS = NO;
				CLANG_CXX_LANGUAGE_STANDARD = "gnu++0x";
				CLANG_CXX_LIBRARY = "libc++";
				CLANG_ENABLE_MODULES = YES;
				CLANG_ENABLE_OBJC_ARC = YES;
				CLANG_WARN_BOOL_CONVERSION = YES;
				CLANG_WARN_CONSTANT_CONVERSION = YES;
				CLANG_WARN_DIRECT_OBJC_ISA_USAGE = YES_ERROR;
				CLANG_WARN_EMPTY_BODY = YES;
				CLANG_WARN_ENUM_CONVERSION = YES;
				CLANG_WARN_INT_CONVERSION = YES;
				CLANG_WARN_OBJC_ROOT_CLASS = YES_ERROR;
				CLANG_WARN_UNREACHABLE_CODE = YES;
				CLANG_WARN__DUPLICATE_METHOD_MATCH = YES;
				"CODE_SIGN_IDENTITY[sdk=iphoneos*]" = "iPhone Developer";
				COPY_PHASE_STRIP = NO;
				DEBUG_INFORMATION_FORMAT = "dwarf-with-dsym";
				ENABLE_NS_ASSERTIONS = NO;
				ENABLE_STRICT_OBJC_MSGSEND = YES;
				GCC_C_LANGUAGE_STANDARD = gnu99;
				GCC_NO_COMMON_BLOCKS = YES;
				GCC_WARN_64_TO_32_BIT_CONVERSION = YES;
				GCC_WARN_ABOUT_RETURN_TYPE = YES_ERROR;
				GCC_WARN_UNDECLARED_SELECTOR = YES;
				GCC_WARN_UNINITIALIZED_AUTOS = YES_AGGRESSIVE;
				GCC_WARN_UNUSED_FUNCTION = YES;
				GCC_WARN_UNUSED_VARIABLE = YES;
				IPHONEOS_DEPLOYMENT_TARGET = 8.4;
				MTL_ENABLE_DEBUG_INFO = NO;
				SDKROOT = iphoneos;
				VALIDATE_PRODUCT = YES;
			};
			name = Release;
		};
		27DD23F31B70514700C61546 /* Debug */ = {
			isa = XCBuildConfiguration;
			buildSettings = {
				ASSETCATALOG_COMPILER_APPICON_NAME = AppIcon;
				INFOPLIST_FILE = angelslike/Info.plist;
				IPHONEOS_DEPLOYMENT_TARGET = 7.0;
				LD_RUNPATH_SEARCH_PATHS = "$(inherited) @executable_path/Frameworks";
				PRODUCT_NAME = "$(TARGET_NAME)";
			};
			name = Debug;
		};
		27DD23F41B70514700C61546 /* Release */ = {
			isa = XCBuildConfiguration;
			buildSettings = {
				ASSETCATALOG_COMPILER_APPICON_NAME = AppIcon;
				INFOPLIST_FILE = angelslike/Info.plist;
				IPHONEOS_DEPLOYMENT_TARGET = 7.0;
				LD_RUNPATH_SEARCH_PATHS = "$(inherited) @executable_path/Frameworks";
				PRODUCT_NAME = "$(TARGET_NAME)";
			};
			name = Release;
		};
		27DD23F61B70514700C61546 /* Debug */ = {
			isa = XCBuildConfiguration;
			buildSettings = {
				BUNDLE_LOADER = "$(TEST_HOST)";
				FRAMEWORK_SEARCH_PATHS = (
					"$(SDKROOT)/Developer/Library/Frameworks",
					"$(inherited)",
				);
				GCC_PREPROCESSOR_DEFINITIONS = (
					"DEBUG=1",
					"$(inherited)",
				);
				INFOPLIST_FILE = angelslikeTests/Info.plist;
				LD_RUNPATH_SEARCH_PATHS = "$(inherited) @executable_path/Frameworks @loader_path/Frameworks";
				PRODUCT_NAME = "$(TARGET_NAME)";
				TEST_HOST = "$(BUILT_PRODUCTS_DIR)/angelslike.app/angelslike";
			};
			name = Debug;
		};
		27DD23F71B70514700C61546 /* Release */ = {
			isa = XCBuildConfiguration;
			buildSettings = {
				BUNDLE_LOADER = "$(TEST_HOST)";
				FRAMEWORK_SEARCH_PATHS = (
					"$(SDKROOT)/Developer/Library/Frameworks",
					"$(inherited)",
				);
				INFOPLIST_FILE = angelslikeTests/Info.plist;
				LD_RUNPATH_SEARCH_PATHS = "$(inherited) @executable_path/Frameworks @loader_path/Frameworks";
				PRODUCT_NAME = "$(TARGET_NAME)";
				TEST_HOST = "$(BUILT_PRODUCTS_DIR)/angelslike.app/angelslike";
			};
			name = Release;
		};
/* End XCBuildConfiguration section */

/* Begin XCConfigurationList section */
		27DD23CA1B70514700C61546 /* Build configuration list for PBXProject "angelslike" */ = {
			isa = XCConfigurationList;
			buildConfigurations = (
				27DD23F01B70514700C61546 /* Debug */,
				27DD23F11B70514700C61546 /* Release */,
			);
			defaultConfigurationIsVisible = 0;
			defaultConfigurationName = Release;
		};
		27DD23F21B70514700C61546 /* Build configuration list for PBXNativeTarget "angelslike" */ = {
			isa = XCConfigurationList;
			buildConfigurations = (
				27DD23F31B70514700C61546 /* Debug */,
				27DD23F41B70514700C61546 /* Release */,
			);
			defaultConfigurationIsVisible = 0;
		};
		27DD23F51B70514700C61546 /* Build configuration list for PBXNativeTarget "angelslikeTests" */ = {
			isa = XCConfigurationList;
			buildConfigurations = (
				27DD23F61B70514700C61546 /* Debug */,
				27DD23F71B70514700C61546 /* Release */,
			);
			defaultConfigurationIsVisible = 0;
		};
/* End XCConfigurationList section */
	};
	rootObject = 27DD23C71B70514700C61546 /* Project object */;
}
