// !$*UTF8*$!
{
	archiveVersion = 1;
	classes = {
	};
	objectVersion = 46;
	objects = {

/* Begin PBXBuildFile section */
		272B6DAD1B709CF1006CCFE6 /* ImageScroller.m in Sources */ = {isa = PBXBuildFile; fileRef = 272B6DAC1B709CF1006CCFE6 /* ImageScroller.m */; };
		272B6DB01B70A73F006CCFE6 /* UIImageView+NetWork.m in Sources */ = {isa = PBXBuildFile; fileRef = 272B6DAF1B70A73F006CCFE6 /* UIImageView+NetWork.m */; };
		27BA81381B71AADF005B527B /* iconfont-cfz.png in Resources */ = {isa = PBXBuildFile; fileRef = 27BA81331B71AADF005B527B /* iconfont-cfz.png */; };
		27BA81391B71AADF005B527B /* iconfont-fenlei.png in Resources */ = {isa = PBXBuildFile; fileRef = 27BA81341B71AADF005B527B /* iconfont-fenlei.png */; };
		27BA813B1B71AADF005B527B /* iconfont-shouye.png in Resources */ = {isa = PBXBuildFile; fileRef = 27BA81361B71AADF005B527B /* iconfont-shouye.png */; };
		27BA813C1B71AADF005B527B /* iconfont-wode.png in Resources */ = {isa = PBXBuildFile; fileRef = 27BA81371B71AADF005B527B /* iconfont-wode.png */; };
		27BA813E1B71AB1B005B527B /* iconfont-jia.png in Resources */ = {isa = PBXBuildFile; fileRef = 27BA813D1B71AB1B005B527B /* iconfont-jia.png */; };
		27BA81411B71ABA3005B527B /* MainTabBar.m in Sources */ = {isa = PBXBuildFile; fileRef = 27BA81401B71ABA3005B527B /* MainTabBar.m */; };
		27BA81441B71B508005B527B /* UIImage+Color.m in Sources */ = {isa = PBXBuildFile; fileRef = 27BA81431B71B508005B527B /* UIImage+Color.m */; };
		27BA81461B71B537005B527B /* QuartzCore.framework in Frameworks */ = {isa = PBXBuildFile; fileRef = 27BA81451B71B537005B527B /* QuartzCore.framework */; };
		27BA81491B71B671005B527B /* UIImage+RTTint.m in Sources */ = {isa = PBXBuildFile; fileRef = 27BA81481B71B671005B527B /* UIImage+RTTint.m */; };
		27BA816F1B71C6A6005B527B /* MKAnnotationView+WebCache.m in Sources */ = {isa = PBXBuildFile; fileRef = 27BA814F1B71C6A6005B527B /* MKAnnotationView+WebCache.m */; };
		27BA81701B71C6A6005B527B /* NSData+ImageContentType.m in Sources */ = {isa = PBXBuildFile; fileRef = 27BA81511B71C6A6005B527B /* NSData+ImageContentType.m */; };
		27BA81711B71C6A6005B527B /* SDImageCache.m in Sources */ = {isa = PBXBuildFile; fileRef = 27BA81531B71C6A6005B527B /* SDImageCache.m */; };
		27BA81721B71C6A6005B527B /* SDWebImageCompat.m in Sources */ = {isa = PBXBuildFile; fileRef = 27BA81551B71C6A6005B527B /* SDWebImageCompat.m */; };
		27BA81731B71C6A6005B527B /* SDWebImageDecoder.m in Sources */ = {isa = PBXBuildFile; fileRef = 27BA81571B71C6A6005B527B /* SDWebImageDecoder.m */; };
		27BA81741B71C6A6005B527B /* SDWebImageDownloader.m in Sources */ = {isa = PBXBuildFile; fileRef = 27BA81591B71C6A6005B527B /* SDWebImageDownloader.m */; };
		27BA81751B71C6A6005B527B /* SDWebImageDownloaderOperation.m in Sources */ = {isa = PBXBuildFile; fileRef = 27BA815B1B71C6A6005B527B /* SDWebImageDownloaderOperation.m */; };
		27BA81761B71C6A6005B527B /* SDWebImageManager.m in Sources */ = {isa = PBXBuildFile; fileRef = 27BA815D1B71C6A6005B527B /* SDWebImageManager.m */; };
		27BA81771B71C6A6005B527B /* SDWebImagePrefetcher.m in Sources */ = {isa = PBXBuildFile; fileRef = 27BA81601B71C6A6005B527B /* SDWebImagePrefetcher.m */; };
		27BA81781B71C6A6005B527B /* UIButton+WebCache.m in Sources */ = {isa = PBXBuildFile; fileRef = 27BA81621B71C6A6005B527B /* UIButton+WebCache.m */; };
		27BA81791B71C6A6005B527B /* UIImage+GIF.m in Sources */ = {isa = PBXBuildFile; fileRef = 27BA81641B71C6A6005B527B /* UIImage+GIF.m */; };
		27BA817A1B71C6A6005B527B /* UIImage+MultiFormat.m in Sources */ = {isa = PBXBuildFile; fileRef = 27BA81661B71C6A6005B527B /* UIImage+MultiFormat.m */; };
		27BA817B1B71C6A6005B527B /* UIImage+WebP.m in Sources */ = {isa = PBXBuildFile; fileRef = 27BA81681B71C6A6005B527B /* UIImage+WebP.m */; };
		27BA817C1B71C6A6005B527B /* UIImageView+HighlightedWebCache.m in Sources */ = {isa = PBXBuildFile; fileRef = 27BA816A1B71C6A6005B527B /* UIImageView+HighlightedWebCache.m */; };
		27BA817D1B71C6A6005B527B /* UIImageView+WebCache.m in Sources */ = {isa = PBXBuildFile; fileRef = 27BA816C1B71C6A6005B527B /* UIImageView+WebCache.m */; };
		27BA817E1B71C6A6005B527B /* UIView+WebCacheOperation.m in Sources */ = {isa = PBXBuildFile; fileRef = 27BA816E1B71C6A6005B527B /* UIView+WebCacheOperation.m */; };
		27BA81811B71EA77005B527B /* LoadMoreTableView.m in Sources */ = {isa = PBXBuildFile; fileRef = 27BA81801B71EA77005B527B /* LoadMoreTableView.m */; };
		27BA81841B71F80E005B527B /* Banner.m in Sources */ = {isa = PBXBuildFile; fileRef = 27BA81831B71F80E005B527B /* Banner.m */; };
		27BA81861B71FAFB005B527B /* iconfont-icon83.png in Resources */ = {isa = PBXBuildFile; fileRef = 27BA81851B71FAFB005B527B /* iconfont-icon83.png */; };
		27DD23D51B70514700C61546 /* main.m in Sources */ = {isa = PBXBuildFile; fileRef = 27DD23D41B70514700C61546 /* main.m */; };
		27DD23D81B70514700C61546 /* AppDelegate.m in Sources */ = {isa = PBXBuildFile; fileRef = 27DD23D71B70514700C61546 /* AppDelegate.m */; };
		27DD23DB1B70514700C61546 /* ViewController.m in Sources */ = {isa = PBXBuildFile; fileRef = 27DD23DA1B70514700C61546 /* ViewController.m */; };
		27DD23E01B70514700C61546 /* Images.xcassets in Resources */ = {isa = PBXBuildFile; fileRef = 27DD23DF1B70514700C61546 /* Images.xcassets */; };
		27DD23EF1B70514700C61546 /* angelslikeTests.m in Sources */ = {isa = PBXBuildFile; fileRef = 27DD23EE1B70514700C61546 /* angelslikeTests.m */; };
		27DD23FB1B70565700C61546 /* MainViewController.m in Sources */ = {isa = PBXBuildFile; fileRef = 27DD23FA1B70565700C61546 /* MainViewController.m */; };
		27DD23FF1B70584700C61546 /* UIColor+HexColor.m in Sources */ = {isa = PBXBuildFile; fileRef = 27DD23FE1B70584700C61546 /* UIColor+HexColor.m */; };
		27DD24041B705C8400C61546 /* MainCell.m in Sources */ = {isa = PBXBuildFile; fileRef = 27DD24031B705C8400C61546 /* MainCell.m */; };
		27DD240B1B7061A000C61546 /* ImageDownloader.m in Sources */ = {isa = PBXBuildFile; fileRef = 27DD240A1B7061A000C61546 /* ImageDownloader.m */; };
		27DD240E1B70639B00C61546 /* NetWork.m in Sources */ = {isa = PBXBuildFile; fileRef = 27DD240D1B70639B00C61546 /* NetWork.m */; };
		27E6ADE51B7855EA008CE686 /* LoginViewController.m in Sources */ = {isa = PBXBuildFile; fileRef = 27E6ADE41B7855EA008CE686 /* LoginViewController.m */; };
		27E6ADFD1B785658008CE686 /* IQKeyboardManager.bundle in Resources */ = {isa = PBXBuildFile; fileRef = 27E6ADE71B785658008CE686 /* IQKeyboardManager.bundle */; };
		27E6ADFE1B785658008CE686 /* IQKeyboardManager.m in Sources */ = {isa = PBXBuildFile; fileRef = 27E6ADE91B785658008CE686 /* IQKeyboardManager.m */; };
		27E6ADFF1B785658008CE686 /* IQSegmentedNextPrevious.m in Sources */ = {isa = PBXBuildFile; fileRef = 27E6ADED1B785658008CE686 /* IQSegmentedNextPrevious.m */; };
		27E6AE001B785658008CE686 /* IQTextView.m in Sources */ = {isa = PBXBuildFile; fileRef = 27E6ADEF1B785658008CE686 /* IQTextView.m */; };
		27E6AE011B785658008CE686 /* IQTitleBarButtonItem.m in Sources */ = {isa = PBXBuildFile; fileRef = 27E6ADF11B785658008CE686 /* IQTitleBarButtonItem.m */; };
		27E6AE021B785658008CE686 /* IQToolbar.m in Sources */ = {isa = PBXBuildFile; fileRef = 27E6ADF31B785658008CE686 /* IQToolbar.m */; };
		27E6AE031B785658008CE686 /* NSArray+Sort.m in Sources */ = {isa = PBXBuildFile; fileRef = 27E6ADF61B785658008CE686 /* NSArray+Sort.m */; };
		27E6AE041B785658008CE686 /* UIView+Hierarchy.m in Sources */ = {isa = PBXBuildFile; fileRef = 27E6ADF81B785658008CE686 /* UIView+Hierarchy.m */; };
		27E6AE051B785658008CE686 /* UIView+IQKeyboardToolbar.m in Sources */ = {isa = PBXBuildFile; fileRef = 27E6ADFA1B785658008CE686 /* UIView+IQKeyboardToolbar.m */; };
		27E6AE061B785658008CE686 /* UIWindow+Hierarchy.m in Sources */ = {isa = PBXBuildFile; fileRef = 27E6ADFC1B785658008CE686 /* UIWindow+Hierarchy.m */; };
		27E6AE081B785915008CE686 /* logo_160.png in Resources */ = {isa = PBXBuildFile; fileRef = 27E6AE071B785915008CE686 /* logo_160.png */; };
		27E6AE0B1B785B49008CE686 /* RCRoundButton.m in Sources */ = {isa = PBXBuildFile; fileRef = 27E6AE0A1B785B49008CE686 /* RCRoundButton.m */; };
		27E6AE0E1B787C30008CE686 /* iconfont-suo.png in Resources */ = {isa = PBXBuildFile; fileRef = 27E6AE0C1B787C30008CE686 /* iconfont-suo.png */; };
		27E6AE0F1B787C30008CE686 /* iconfont-user.png in Resources */ = {isa = PBXBuildFile; fileRef = 27E6AE0D1B787C30008CE686 /* iconfont-user.png */; };
		27E6AE111B787F25008CE686 /* iconfont-shouji.png in Resources */ = {isa = PBXBuildFile; fileRef = 27E6AE101B787F25008CE686 /* iconfont-shouji.png */; };
		27E6AE141B78861C008CE686 /* RegisterViewController.m in Sources */ = {isa = PBXBuildFile; fileRef = 27E6AE131B78861C008CE686 /* RegisterViewController.m */; };
		27EA99FE1B72F4A3003559C0 /* CouCell.m in Sources */ = {isa = PBXBuildFile; fileRef = 27EA99FD1B72F4A3003559C0 /* CouCell.m */; };
		27EA9A021B72F662003559C0 /* BaseViewController.m in Sources */ = {isa = PBXBuildFile; fileRef = 27EA9A011B72F662003559C0 /* BaseViewController.m */; };
		27EA9A081B7313C6003559C0 /* Default-568h@2x.png in Resources */ = {isa = PBXBuildFile; fileRef = 27EA9A071B7313C6003559C0 /* Default-568h@2x.png */; };
		27EA9A0C1B731777003559C0 /* SearchViewController.m in Sources */ = {isa = PBXBuildFile; fileRef = 27EA9A0B1B731777003559C0 /* SearchViewController.m */; };
		27EA9A0E1B731AE7003559C0 /* iconfont-houtui@2x.png in Resources */ = {isa = PBXBuildFile; fileRef = 27EA9A0D1B731AE7003559C0 /* iconfont-houtui@2x.png */; };
		27EA9A111B733208003559C0 /* DropDownList.m in Sources */ = {isa = PBXBuildFile; fileRef = 27EA9A101B733208003559C0 /* DropDownList.m */; };
		27EA9A131B7335FA003559C0 /* tbg.png in Resources */ = {isa = PBXBuildFile; fileRef = 27EA9A121B7335FA003559C0 /* tbg.png */; };
		27EED2561B7462B1009F2DD2 /* MineViewController.m in Sources */ = {isa = PBXBuildFile; fileRef = 27EED2551B7462B1009F2DD2 /* MineViewController.m */; };
		27EED2661B7480C2009F2DD2 /* MineCell.m in Sources */ = {isa = PBXBuildFile; fileRef = 27EED2651B7480C2009F2DD2 /* MineCell.m */; };
		27EED26E1B7489F7009F2DD2 /* mine_01.png in Resources */ = {isa = PBXBuildFile; fileRef = 27EED2681B7489F7009F2DD2 /* mine_01.png */; };
		27EED26F1B7489F7009F2DD2 /* mine_02.png in Resources */ = {isa = PBXBuildFile; fileRef = 27EED2691B7489F7009F2DD2 /* mine_02.png */; };
		27EED2701B7489F7009F2DD2 /* mine_03.png in Resources */ = {isa = PBXBuildFile; fileRef = 27EED26A1B7489F7009F2DD2 /* mine_03.png */; };
		27EED2711B7489F7009F2DD2 /* mine_04.png in Resources */ = {isa = PBXBuildFile; fileRef = 27EED26B1B7489F7009F2DD2 /* mine_04.png */; };
		27EED2721B7489F7009F2DD2 /* mine_05.png in Resources */ = {isa = PBXBuildFile; fileRef = 27EED26C1B7489F7009F2DD2 /* mine_05.png */; };
		27EED2741B748D90009F2DD2 /* mine_00.png in Resources */ = {isa = PBXBuildFile; fileRef = 27EED2731B748D90009F2DD2 /* mine_00.png */; };
		27EED2771B7495B1009F2DD2 /* ThemeViewController.m in Sources */ = {isa = PBXBuildFile; fileRef = 27EED2761B7495B1009F2DD2 /* ThemeViewController.m */; };
		27EFB2121B734C9800A14872 /* arrow.png in Resources */ = {isa = PBXBuildFile; fileRef = 27EFB2111B734C9800A14872 /* arrow.png */; };
		27EFB2151B73518D00A14872 /* MXPullDownMenu.m in Sources */ = {isa = PBXBuildFile; fileRef = 27EFB2141B73518D00A14872 /* MXPullDownMenu.m */; };
		27EFB2191B73737C00A14872 /* CategoryViewController.m in Sources */ = {isa = PBXBuildFile; fileRef = 27EFB2181B73737C00A14872 /* CategoryViewController.m */; };
		27EFB21E1B737ED600A14872 /* CategoryCell.m in Sources */ = {isa = PBXBuildFile; fileRef = 27EFB21D1B737ED600A14872 /* CategoryCell.m */; };
		27EFB22B1B73966800A14872 /* duixiang_00.png in Resources */ = {isa = PBXBuildFile; fileRef = 27EFB2231B73966800A14872 /* duixiang_00.png */; };
		27EFB22C1B73966800A14872 /* duixiang_01.png in Resources */ = {isa = PBXBuildFile; fileRef = 27EFB2241B73966800A14872 /* duixiang_01.png */; };
		27EFB22D1B73966800A14872 /* duixiang_02.png in Resources */ = {isa = PBXBuildFile; fileRef = 27EFB2251B73966800A14872 /* duixiang_02.png */; };
		27EFB22E1B73966800A14872 /* duixiang_03.png in Resources */ = {isa = PBXBuildFile; fileRef = 27EFB2261B73966800A14872 /* duixiang_03.png */; };
		27EFB22F1B73966800A14872 /* duixiang_04.png in Resources */ = {isa = PBXBuildFile; fileRef = 27EFB2271B73966800A14872 /* duixiang_04.png */; };
		27EFB2301B73966800A14872 /* duixiang_05.png in Resources */ = {isa = PBXBuildFile; fileRef = 27EFB2281B73966800A14872 /* duixiang_05.png */; };
		27EFB2311B73966800A14872 /* duixiang_06.png in Resources */ = {isa = PBXBuildFile; fileRef = 27EFB2291B73966800A14872 /* duixiang_06.png */; };
		27EFB2321B73966800A14872 /* duixiang_07.png in Resources */ = {isa = PBXBuildFile; fileRef = 27EFB22A1B73966800A14872 /* duixiang_07.png */; };
		27EFB2391B7396E700A14872 /* changhe_00.png in Resources */ = {isa = PBXBuildFile; fileRef = 27EFB2331B7396E700A14872 /* changhe_00.png */; };
		27EFB23A1B7396E700A14872 /* changhe_01.png in Resources */ = {isa = PBXBuildFile; fileRef = 27EFB2341B7396E700A14872 /* changhe_01.png */; };
		27EFB23B1B7396E700A14872 /* changhe_02.png in Resources */ = {isa = PBXBuildFile; fileRef = 27EFB2351B7396E700A14872 /* changhe_02.png */; };
		27EFB23C1B7396E700A14872 /* changhe_03.png in Resources */ = {isa = PBXBuildFile; fileRef = 27EFB2361B7396E700A14872 /* changhe_03.png */; };
		27EFB23D1B7396E700A14872 /* changhe_04.png in Resources */ = {isa = PBXBuildFile; fileRef = 27EFB2371B7396E700A14872 /* changhe_04.png */; };
		27EFB23E1B7396E700A14872 /* changhe_05.png in Resources */ = {isa = PBXBuildFile; fileRef = 27EFB2381B7396E700A14872 /* changhe_05.png */; };
		27EFB2461B7396F600A14872 /* gexin_00.png in Resources */ = {isa = PBXBuildFile; fileRef = 27EFB23F1B7396F600A14872 /* gexin_00.png */; };
		27EFB2471B7396F600A14872 /* gexin_01.png in Resources */ = {isa = PBXBuildFile; fileRef = 27EFB2401B7396F600A14872 /* gexin_01.png */; };
		27EFB2481B7396F600A14872 /* gexin_02.png in Resources */ = {isa = PBXBuildFile; fileRef = 27EFB2411B7396F600A14872 /* gexin_02.png */; };
		27EFB2491B7396F600A14872 /* gexin_03.png in Resources */ = {isa = PBXBuildFile; fileRef = 27EFB2421B7396F600A14872 /* gexin_03.png */; };
		27EFB24A1B7396F600A14872 /* gexin_04.png in Resources */ = {isa = PBXBuildFile; fileRef = 27EFB2431B7396F600A14872 /* gexin_04.png */; };
		27EFB24B1B7396F600A14872 /* gexin_05.png in Resources */ = {isa = PBXBuildFile; fileRef = 27EFB2441B7396F600A14872 /* gexin_05.png */; };
		27EFB24C1B7396F600A14872 /* gexin_06.png in Resources */ = {isa = PBXBuildFile; fileRef = 27EFB2451B7396F600A14872 /* gexin_06.png */; };
		27EFB2521B73970100A14872 /* jiage_00.png in Resources */ = {isa = PBXBuildFile; fileRef = 27EFB24D1B73970100A14872 /* jiage_00.png */; };
		27EFB2531B73970100A14872 /* jiage_01.png in Resources */ = {isa = PBXBuildFile; fileRef = 27EFB24E1B73970100A14872 /* jiage_01.png */; };
		27EFB2541B73970100A14872 /* jiage_02.png in Resources */ = {isa = PBXBuildFile; fileRef = 27EFB24F1B73970100A14872 /* jiage_02.png */; };
		27EFB2551B73970100A14872 /* jiage_03.png in Resources */ = {isa = PBXBuildFile; fileRef = 27EFB2501B73970100A14872 /* jiage_03.png */; };
		27EFB2561B73970100A14872 /* jiage_04.png in Resources */ = {isa = PBXBuildFile; fileRef = 27EFB2511B73970100A14872 /* jiage_04.png */; };
		27EFB2601B73970900A14872 /* pinglei_00.png in Resources */ = {isa = PBXBuildFile; fileRef = 27EFB2571B73970800A14872 /* pinglei_00.png */; };
		27EFB2611B73970900A14872 /* pinglei_01.png in Resources */ = {isa = PBXBuildFile; fileRef = 27EFB2581B73970800A14872 /* pinglei_01.png */; };
		27EFB2621B73970900A14872 /* pinglei_02.png in Resources */ = {isa = PBXBuildFile; fileRef = 27EFB2591B73970800A14872 /* pinglei_02.png */; };
		27EFB2631B73970900A14872 /* pinglei_03.png in Resources */ = {isa = PBXBuildFile; fileRef = 27EFB25A1B73970800A14872 /* pinglei_03.png */; };
		27EFB2641B73970900A14872 /* pinglei_04.png in Resources */ = {isa = PBXBuildFile; fileRef = 27EFB25B1B73970800A14872 /* pinglei_04.png */; };
		27EFB2651B73970900A14872 /* pinglei_05.png in Resources */ = {isa = PBXBuildFile; fileRef = 27EFB25C1B73970800A14872 /* pinglei_05.png */; };
		27EFB2661B73970900A14872 /* pinglei_06.png in Resources */ = {isa = PBXBuildFile; fileRef = 27EFB25D1B73970800A14872 /* pinglei_06.png */; };
		27EFB2671B73970900A14872 /* pinglei_07.png in Resources */ = {isa = PBXBuildFile; fileRef = 27EFB25E1B73970900A14872 /* pinglei_07.png */; };
		27EFB2681B73970900A14872 /* pinglei_08.png in Resources */ = {isa = PBXBuildFile; fileRef = 27EFB25F1B73970900A14872 /* pinglei_08.png */; };
		2E4D41BF1B72870400AA314E /* CouViewController.m in Sources */ = {isa = PBXBuildFile; fileRef = 2E4D41BE1B72870400AA314E /* CouViewController.m */; };
		2E5AB33C1B726D7300E65D5D /* TabBarViewController.m in Sources */ = {isa = PBXBuildFile; fileRef = 2E5AB33B1B726D7300E65D5D /* TabBarViewController.m */; };
		2E7147991B75C0330063FA07 /* NSDictionary_IngoreNull.m in Sources */ = {isa = PBXBuildFile; fileRef = 2E7147981B75C0330063FA07 /* NSDictionary_IngoreNull.m */; };
		2E7A78B91B77CA5B004A58AB /* ProgressView.m in Sources */ = {isa = PBXBuildFile; fileRef = 2E7A78B81B77CA5B004A58AB /* ProgressView.m */; };
		2E7A78BE1B77CA65004A58AB /* RMDisplayLabel.m in Sources */ = {isa = PBXBuildFile; fileRef = 2E7A78BB1B77CA65004A58AB /* RMDisplayLabel.m */; };
		2E7A78BF1B77CA65004A58AB /* RMDownloadIndicator.m in Sources */ = {isa = PBXBuildFile; fileRef = 2E7A78BD1B77CA65004A58AB /* RMDownloadIndicator.m */; };
		2E7A78C21B77CA79004A58AB /* RMViewController.m in Sources */ = {isa = PBXBuildFile; fileRef = 2E7A78C11B77CA79004A58AB /* RMViewController.m */; };
/* End PBXBuildFile section */

/* Begin PBXContainerItemProxy section */
		27DD23E91B70514700C61546 /* PBXContainerItemProxy */ = {
			isa = PBXContainerItemProxy;
			containerPortal = 27DD23C71B70514700C61546 /* Project object */;
			proxyType = 1;
			remoteGlobalIDString = 27DD23CE1B70514700C61546;
			remoteInfo = angelslike;
		};
/* End PBXContainerItemProxy section */

/* Begin PBXFileReference section */
		272B6DAB1B709CF0006CCFE6 /* ImageScroller.h */ = {isa = PBXFileReference; fileEncoding = 4; lastKnownFileType = sourcecode.c.h; path = ImageScroller.h; sourceTree = "<group>"; };
		272B6DAC1B709CF1006CCFE6 /* ImageScroller.m */ = {isa = PBXFileReference; fileEncoding = 4; lastKnownFileType = sourcecode.c.objc; path = ImageScroller.m; sourceTree = "<group>"; };
		272B6DAE1B70A73F006CCFE6 /* UIImageView+NetWork.h */ = {isa = PBXFileReference; fileEncoding = 4; lastKnownFileType = sourcecode.c.h; path = "UIImageView+NetWork.h"; sourceTree = "<group>"; };
		272B6DAF1B70A73F006CCFE6 /* UIImageView+NetWork.m */ = {isa = PBXFileReference; fileEncoding = 4; lastKnownFileType = sourcecode.c.objc; path = "UIImageView+NetWork.m"; sourceTree = "<group>"; };
		27BA81331B71AADF005B527B /* iconfont-cfz.png */ = {isa = PBXFileReference; lastKnownFileType = image.png; path = "iconfont-cfz.png"; sourceTree = "<group>"; };
		27BA81341B71AADF005B527B /* iconfont-fenlei.png */ = {isa = PBXFileReference; lastKnownFileType = image.png; path = "iconfont-fenlei.png"; sourceTree = "<group>"; };
		27BA81361B71AADF005B527B /* iconfont-shouye.png */ = {isa = PBXFileReference; lastKnownFileType = image.png; path = "iconfont-shouye.png"; sourceTree = "<group>"; };
		27BA81371B71AADF005B527B /* iconfont-wode.png */ = {isa = PBXFileReference; lastKnownFileType = image.png; path = "iconfont-wode.png"; sourceTree = "<group>"; };
		27BA813D1B71AB1B005B527B /* iconfont-jia.png */ = {isa = PBXFileReference; lastKnownFileType = image.png; path = "iconfont-jia.png"; sourceTree = "<group>"; };
		27BA813F1B71ABA3005B527B /* MainTabBar.h */ = {isa = PBXFileReference; fileEncoding = 4; lastKnownFileType = sourcecode.c.h; path = MainTabBar.h; sourceTree = "<group>"; };
		27BA81401B71ABA3005B527B /* MainTabBar.m */ = {isa = PBXFileReference; fileEncoding = 4; lastKnownFileType = sourcecode.c.objc; path = MainTabBar.m; sourceTree = "<group>"; };
		27BA81421B71B508005B527B /* UIImage+Color.h */ = {isa = PBXFileReference; fileEncoding = 4; lastKnownFileType = sourcecode.c.h; path = "UIImage+Color.h"; sourceTree = "<group>"; };
		27BA81431B71B508005B527B /* UIImage+Color.m */ = {isa = PBXFileReference; fileEncoding = 4; lastKnownFileType = sourcecode.c.objc; path = "UIImage+Color.m"; sourceTree = "<group>"; };
		27BA81451B71B537005B527B /* QuartzCore.framework */ = {isa = PBXFileReference; lastKnownFileType = wrapper.framework; name = QuartzCore.framework; path = System/Library/Frameworks/QuartzCore.framework; sourceTree = SDKROOT; };
		27BA81471B71B671005B527B /* UIImage+RTTint.h */ = {isa = PBXFileReference; fileEncoding = 4; lastKnownFileType = sourcecode.c.h; path = "UIImage+RTTint.h"; sourceTree = "<group>"; };
		27BA81481B71B671005B527B /* UIImage+RTTint.m */ = {isa = PBXFileReference; fileEncoding = 4; lastKnownFileType = sourcecode.c.objc; path = "UIImage+RTTint.m"; sourceTree = "<group>"; };
		27BA814E1B71C6A6005B527B /* MKAnnotationView+WebCache.h */ = {isa = PBXFileReference; fileEncoding = 4; lastKnownFileType = sourcecode.c.h; path = "MKAnnotationView+WebCache.h"; sourceTree = "<group>"; };
		27BA814F1B71C6A6005B527B /* MKAnnotationView+WebCache.m */ = {isa = PBXFileReference; fileEncoding = 4; lastKnownFileType = sourcecode.c.objc; path = "MKAnnotationView+WebCache.m"; sourceTree = "<group>"; };
		27BA81501B71C6A6005B527B /* NSData+ImageContentType.h */ = {isa = PBXFileReference; fileEncoding = 4; lastKnownFileType = sourcecode.c.h; path = "NSData+ImageContentType.h"; sourceTree = "<group>"; };
		27BA81511B71C6A6005B527B /* NSData+ImageContentType.m */ = {isa = PBXFileReference; fileEncoding = 4; lastKnownFileType = sourcecode.c.objc; path = "NSData+ImageContentType.m"; sourceTree = "<group>"; };
		27BA81521B71C6A6005B527B /* SDImageCache.h */ = {isa = PBXFileReference; fileEncoding = 4; lastKnownFileType = sourcecode.c.h; path = SDImageCache.h; sourceTree = "<group>"; };
		27BA81531B71C6A6005B527B /* SDImageCache.m */ = {isa = PBXFileReference; fileEncoding = 4; lastKnownFileType = sourcecode.c.objc; path = SDImageCache.m; sourceTree = "<group>"; };
		27BA81541B71C6A6005B527B /* SDWebImageCompat.h */ = {isa = PBXFileReference; fileEncoding = 4; lastKnownFileType = sourcecode.c.h; path = SDWebImageCompat.h; sourceTree = "<group>"; };
		27BA81551B71C6A6005B527B /* SDWebImageCompat.m */ = {isa = PBXFileReference; fileEncoding = 4; lastKnownFileType = sourcecode.c.objc; path = SDWebImageCompat.m; sourceTree = "<group>"; };
		27BA81561B71C6A6005B527B /* SDWebImageDecoder.h */ = {isa = PBXFileReference; fileEncoding = 4; lastKnownFileType = sourcecode.c.h; path = SDWebImageDecoder.h; sourceTree = "<group>"; };
		27BA81571B71C6A6005B527B /* SDWebImageDecoder.m */ = {isa = PBXFileReference; fileEncoding = 4; lastKnownFileType = sourcecode.c.objc; path = SDWebImageDecoder.m; sourceTree = "<group>"; };
		27BA81581B71C6A6005B527B /* SDWebImageDownloader.h */ = {isa = PBXFileReference; fileEncoding = 4; lastKnownFileType = sourcecode.c.h; path = SDWebImageDownloader.h; sourceTree = "<group>"; };
		27BA81591B71C6A6005B527B /* SDWebImageDownloader.m */ = {isa = PBXFileReference; fileEncoding = 4; lastKnownFileType = sourcecode.c.objc; path = SDWebImageDownloader.m; sourceTree = "<group>"; };
		27BA815A1B71C6A6005B527B /* SDWebImageDownloaderOperation.h */ = {isa = PBXFileReference; fileEncoding = 4; lastKnownFileType = sourcecode.c.h; path = SDWebImageDownloaderOperation.h; sourceTree = "<group>"; };
		27BA815B1B71C6A6005B527B /* SDWebImageDownloaderOperation.m */ = {isa = PBXFileReference; fileEncoding = 4; lastKnownFileType = sourcecode.c.objc; path = SDWebImageDownloaderOperation.m; sourceTree = "<group>"; };
		27BA815C1B71C6A6005B527B /* SDWebImageManager.h */ = {isa = PBXFileReference; fileEncoding = 4; lastKnownFileType = sourcecode.c.h; path = SDWebImageManager.h; sourceTree = "<group>"; };
		27BA815D1B71C6A6005B527B /* SDWebImageManager.m */ = {isa = PBXFileReference; fileEncoding = 4; lastKnownFileType = sourcecode.c.objc; path = SDWebImageManager.m; sourceTree = "<group>"; };
		27BA815E1B71C6A6005B527B /* SDWebImageOperation.h */ = {isa = PBXFileReference; fileEncoding = 4; lastKnownFileType = sourcecode.c.h; path = SDWebImageOperation.h; sourceTree = "<group>"; };
		27BA815F1B71C6A6005B527B /* SDWebImagePrefetcher.h */ = {isa = PBXFileReference; fileEncoding = 4; lastKnownFileType = sourcecode.c.h; path = SDWebImagePrefetcher.h; sourceTree = "<group>"; };
		27BA81601B71C6A6005B527B /* SDWebImagePrefetcher.m */ = {isa = PBXFileReference; fileEncoding = 4; lastKnownFileType = sourcecode.c.objc; path = SDWebImagePrefetcher.m; sourceTree = "<group>"; };
		27BA81611B71C6A6005B527B /* UIButton+WebCache.h */ = {isa = PBXFileReference; fileEncoding = 4; lastKnownFileType = sourcecode.c.h; path = "UIButton+WebCache.h"; sourceTree = "<group>"; };
		27BA81621B71C6A6005B527B /* UIButton+WebCache.m */ = {isa = PBXFileReference; fileEncoding = 4; lastKnownFileType = sourcecode.c.objc; path = "UIButton+WebCache.m"; sourceTree = "<group>"; };
		27BA81631B71C6A6005B527B /* UIImage+GIF.h */ = {isa = PBXFileReference; fileEncoding = 4; lastKnownFileType = sourcecode.c.h; path = "UIImage+GIF.h"; sourceTree = "<group>"; };
		27BA81641B71C6A6005B527B /* UIImage+GIF.m */ = {isa = PBXFileReference; fileEncoding = 4; lastKnownFileType = sourcecode.c.objc; path = "UIImage+GIF.m"; sourceTree = "<group>"; };
		27BA81651B71C6A6005B527B /* UIImage+MultiFormat.h */ = {isa = PBXFileReference; fileEncoding = 4; lastKnownFileType = sourcecode.c.h; path = "UIImage+MultiFormat.h"; sourceTree = "<group>"; };
		27BA81661B71C6A6005B527B /* UIImage+MultiFormat.m */ = {isa = PBXFileReference; fileEncoding = 4; lastKnownFileType = sourcecode.c.objc; path = "UIImage+MultiFormat.m"; sourceTree = "<group>"; };
		27BA81671B71C6A6005B527B /* UIImage+WebP.h */ = {isa = PBXFileReference; fileEncoding = 4; lastKnownFileType = sourcecode.c.h; path = "UIImage+WebP.h"; sourceTree = "<group>"; };
		27BA81681B71C6A6005B527B /* UIImage+WebP.m */ = {isa = PBXFileReference; fileEncoding = 4; lastKnownFileType = sourcecode.c.objc; path = "UIImage+WebP.m"; sourceTree = "<group>"; };
		27BA81691B71C6A6005B527B /* UIImageView+HighlightedWebCache.h */ = {isa = PBXFileReference; fileEncoding = 4; lastKnownFileType = sourcecode.c.h; path = "UIImageView+HighlightedWebCache.h"; sourceTree = "<group>"; };
		27BA816A1B71C6A6005B527B /* UIImageView+HighlightedWebCache.m */ = {isa = PBXFileReference; fileEncoding = 4; lastKnownFileType = sourcecode.c.objc; path = "UIImageView+HighlightedWebCache.m"; sourceTree = "<group>"; };
		27BA816B1B71C6A6005B527B /* UIImageView+WebCache.h */ = {isa = PBXFileReference; fileEncoding = 4; lastKnownFileType = sourcecode.c.h; path = "UIImageView+WebCache.h"; sourceTree = "<group>"; };
		27BA816C1B71C6A6005B527B /* UIImageView+WebCache.m */ = {isa = PBXFileReference; fileEncoding = 4; lastKnownFileType = sourcecode.c.objc; path = "UIImageView+WebCache.m"; sourceTree = "<group>"; };
		27BA816D1B71C6A6005B527B /* UIView+WebCacheOperation.h */ = {isa = PBXFileReference; fileEncoding = 4; lastKnownFileType = sourcecode.c.h; path = "UIView+WebCacheOperation.h"; sourceTree = "<group>"; };
		27BA816E1B71C6A6005B527B /* UIView+WebCacheOperation.m */ = {isa = PBXFileReference; fileEncoding = 4; lastKnownFileType = sourcecode.c.objc; path = "UIView+WebCacheOperation.m"; sourceTree = "<group>"; };
		27BA817F1B71EA77005B527B /* LoadMoreTableView.h */ = {isa = PBXFileReference; fileEncoding = 4; lastKnownFileType = sourcecode.c.h; path = LoadMoreTableView.h; sourceTree = "<group>"; };
		27BA81801B71EA77005B527B /* LoadMoreTableView.m */ = {isa = PBXFileReference; fileEncoding = 4; lastKnownFileType = sourcecode.c.objc; path = LoadMoreTableView.m; sourceTree = "<group>"; };
		27BA81821B71F80E005B527B /* Banner.h */ = {isa = PBXFileReference; fileEncoding = 4; lastKnownFileType = sourcecode.c.h; path = Banner.h; sourceTree = "<group>"; };
		27BA81831B71F80E005B527B /* Banner.m */ = {isa = PBXFileReference; fileEncoding = 4; lastKnownFileType = sourcecode.c.objc; path = Banner.m; sourceTree = "<group>"; };
		27BA81851B71FAFB005B527B /* iconfont-icon83.png */ = {isa = PBXFileReference; lastKnownFileType = image.png; path = "iconfont-icon83.png"; sourceTree = "<group>"; };
		27DD23CF1B70514700C61546 /* angelslike.app */ = {isa = PBXFileReference; explicitFileType = wrapper.application; includeInIndex = 0; path = angelslike.app; sourceTree = BUILT_PRODUCTS_DIR; };
		27DD23D31B70514700C61546 /* Info.plist */ = {isa = PBXFileReference; lastKnownFileType = text.plist.xml; path = Info.plist; sourceTree = "<group>"; };
		27DD23D41B70514700C61546 /* main.m */ = {isa = PBXFileReference; lastKnownFileType = sourcecode.c.objc; path = main.m; sourceTree = "<group>"; };
		27DD23D61B70514700C61546 /* AppDelegate.h */ = {isa = PBXFileReference; lastKnownFileType = sourcecode.c.h; path = AppDelegate.h; sourceTree = "<group>"; };
		27DD23D71B70514700C61546 /* AppDelegate.m */ = {isa = PBXFileReference; lastKnownFileType = sourcecode.c.objc; path = AppDelegate.m; sourceTree = "<group>"; };
		27DD23D91B70514700C61546 /* ViewController.h */ = {isa = PBXFileReference; lastKnownFileType = sourcecode.c.h; path = ViewController.h; sourceTree = "<group>"; };
		27DD23DA1B70514700C61546 /* ViewController.m */ = {isa = PBXFileReference; lastKnownFileType = sourcecode.c.objc; path = ViewController.m; sourceTree = "<group>"; };
		27DD23DF1B70514700C61546 /* Images.xcassets */ = {isa = PBXFileReference; lastKnownFileType = folder.assetcatalog; path = Images.xcassets; sourceTree = "<group>"; };
		27DD23E81B70514700C61546 /* angelslikeTests.xctest */ = {isa = PBXFileReference; explicitFileType = wrapper.cfbundle; includeInIndex = 0; path = angelslikeTests.xctest; sourceTree = BUILT_PRODUCTS_DIR; };
		27DD23ED1B70514700C61546 /* Info.plist */ = {isa = PBXFileReference; lastKnownFileType = text.plist.xml; path = Info.plist; sourceTree = "<group>"; };
		27DD23EE1B70514700C61546 /* angelslikeTests.m */ = {isa = PBXFileReference; lastKnownFileType = sourcecode.c.objc; path = angelslikeTests.m; sourceTree = "<group>"; };
		27DD23F91B70565700C61546 /* MainViewController.h */ = {isa = PBXFileReference; fileEncoding = 4; lastKnownFileType = sourcecode.c.h; path = MainViewController.h; sourceTree = "<group>"; };
		27DD23FA1B70565700C61546 /* MainViewController.m */ = {isa = PBXFileReference; fileEncoding = 4; lastKnownFileType = sourcecode.c.objc; path = MainViewController.m; sourceTree = "<group>"; };
		27DD23FD1B70584700C61546 /* UIColor+HexColor.h */ = {isa = PBXFileReference; fileEncoding = 4; lastKnownFileType = sourcecode.c.h; path = "UIColor+HexColor.h"; sourceTree = "<group>"; };
		27DD23FE1B70584700C61546 /* UIColor+HexColor.m */ = {isa = PBXFileReference; fileEncoding = 4; lastKnownFileType = sourcecode.c.objc; path = "UIColor+HexColor.m"; sourceTree = "<group>"; };
		27DD24021B705C8400C61546 /* MainCell.h */ = {isa = PBXFileReference; fileEncoding = 4; lastKnownFileType = sourcecode.c.h; path = MainCell.h; sourceTree = "<group>"; };
		27DD24031B705C8400C61546 /* MainCell.m */ = {isa = PBXFileReference; fileEncoding = 4; lastKnownFileType = sourcecode.c.objc; path = MainCell.m; sourceTree = "<group>"; };
		27DD24091B7061A000C61546 /* ImageDownloader.h */ = {isa = PBXFileReference; fileEncoding = 4; lastKnownFileType = sourcecode.c.h; path = ImageDownloader.h; sourceTree = "<group>"; };
		27DD240A1B7061A000C61546 /* ImageDownloader.m */ = {isa = PBXFileReference; fileEncoding = 4; lastKnownFileType = sourcecode.c.objc; path = ImageDownloader.m; sourceTree = "<group>"; };
		27DD240C1B70639B00C61546 /* NetWork.h */ = {isa = PBXFileReference; fileEncoding = 4; lastKnownFileType = sourcecode.c.h; path = NetWork.h; sourceTree = "<group>"; };
		27DD240D1B70639B00C61546 /* NetWork.m */ = {isa = PBXFileReference; fileEncoding = 4; lastKnownFileType = sourcecode.c.objc; path = NetWork.m; sourceTree = "<group>"; };
		27DD240F1B70682000C61546 /* HeaderDefiner.h */ = {isa = PBXFileReference; fileEncoding = 4; lastKnownFileType = sourcecode.c.h; path = HeaderDefiner.h; sourceTree = "<group>"; };
		27E6ADE31B7855EA008CE686 /* LoginViewController.h */ = {isa = PBXFileReference; fileEncoding = 4; lastKnownFileType = sourcecode.c.h; path = LoginViewController.h; sourceTree = "<group>"; };
		27E6ADE41B7855EA008CE686 /* LoginViewController.m */ = {isa = PBXFileReference; fileEncoding = 4; lastKnownFileType = sourcecode.c.objc; path = LoginViewController.m; sourceTree = "<group>"; };
		27E6ADE71B785658008CE686 /* IQKeyboardManager.bundle */ = {isa = PBXFileReference; lastKnownFileType = "wrapper.plug-in"; path = IQKeyboardManager.bundle; sourceTree = "<group>"; };
		27E6ADE81B785658008CE686 /* IQKeyboardManager.h */ = {isa = PBXFileReference; fileEncoding = 4; lastKnownFileType = sourcecode.c.h; path = IQKeyboardManager.h; sourceTree = "<group>"; };
		27E6ADE91B785658008CE686 /* IQKeyboardManager.m */ = {isa = PBXFileReference; fileEncoding = 4; lastKnownFileType = sourcecode.c.objc; path = IQKeyboardManager.m; sourceTree = "<group>"; };
		27E6ADEA1B785658008CE686 /* IQKeyboardManagerConstants.h */ = {isa = PBXFileReference; fileEncoding = 4; lastKnownFileType = sourcecode.c.h; path = IQKeyboardManagerConstants.h; sourceTree = "<group>"; };
		27E6ADEB1B785658008CE686 /* IQKeyboardManagerConstantsInternal.h */ = {isa = PBXFileReference; fileEncoding = 4; lastKnownFileType = sourcecode.c.h; path = IQKeyboardManagerConstantsInternal.h; sourceTree = "<group>"; };
		27E6ADEC1B785658008CE686 /* IQSegmentedNextPrevious.h */ = {isa = PBXFileReference; fileEncoding = 4; lastKnownFileType = sourcecode.c.h; path = IQSegmentedNextPrevious.h; sourceTree = "<group>"; };
		27E6ADED1B785658008CE686 /* IQSegmentedNextPrevious.m */ = {isa = PBXFileReference; fileEncoding = 4; lastKnownFileType = sourcecode.c.objc; path = IQSegmentedNextPrevious.m; sourceTree = "<group>"; };
		27E6ADEE1B785658008CE686 /* IQTextView.h */ = {isa = PBXFileReference; fileEncoding = 4; lastKnownFileType = sourcecode.c.h; path = IQTextView.h; sourceTree = "<group>"; };
		27E6ADEF1B785658008CE686 /* IQTextView.m */ = {isa = PBXFileReference; fileEncoding = 4; lastKnownFileType = sourcecode.c.objc; path = IQTextView.m; sourceTree = "<group>"; };
		27E6ADF01B785658008CE686 /* IQTitleBarButtonItem.h */ = {isa = PBXFileReference; fileEncoding = 4; lastKnownFileType = sourcecode.c.h; path = IQTitleBarButtonItem.h; sourceTree = "<group>"; };
		27E6ADF11B785658008CE686 /* IQTitleBarButtonItem.m */ = {isa = PBXFileReference; fileEncoding = 4; lastKnownFileType = sourcecode.c.objc; path = IQTitleBarButtonItem.m; sourceTree = "<group>"; };
		27E6ADF21B785658008CE686 /* IQToolbar.h */ = {isa = PBXFileReference; fileEncoding = 4; lastKnownFileType = sourcecode.c.h; path = IQToolbar.h; sourceTree = "<group>"; };
		27E6ADF31B785658008CE686 /* IQToolbar.m */ = {isa = PBXFileReference; fileEncoding = 4; lastKnownFileType = sourcecode.c.objc; path = IQToolbar.m; sourceTree = "<group>"; };
		27E6ADF41B785658008CE686 /* KeyboardManager.h */ = {isa = PBXFileReference; fileEncoding = 4; lastKnownFileType = sourcecode.c.h; path = KeyboardManager.h; sourceTree = "<group>"; };
		27E6ADF51B785658008CE686 /* NSArray+Sort.h */ = {isa = PBXFileReference; fileEncoding = 4; lastKnownFileType = sourcecode.c.h; path = "NSArray+Sort.h"; sourceTree = "<group>"; };
		27E6ADF61B785658008CE686 /* NSArray+Sort.m */ = {isa = PBXFileReference; fileEncoding = 4; lastKnownFileType = sourcecode.c.objc; path = "NSArray+Sort.m"; sourceTree = "<group>"; };
		27E6ADF71B785658008CE686 /* UIView+Hierarchy.h */ = {isa = PBXFileReference; fileEncoding = 4; lastKnownFileType = sourcecode.c.h; path = "UIView+Hierarchy.h"; sourceTree = "<group>"; };
		27E6ADF81B785658008CE686 /* UIView+Hierarchy.m */ = {isa = PBXFileReference; fileEncoding = 4; lastKnownFileType = sourcecode.c.objc; path = "UIView+Hierarchy.m"; sourceTree = "<group>"; };
		27E6ADF91B785658008CE686 /* UIView+IQKeyboardToolbar.h */ = {isa = PBXFileReference; fileEncoding = 4; lastKnownFileType = sourcecode.c.h; path = "UIView+IQKeyboardToolbar.h"; sourceTree = "<group>"; };
		27E6ADFA1B785658008CE686 /* UIView+IQKeyboardToolbar.m */ = {isa = PBXFileReference; fileEncoding = 4; lastKnownFileType = sourcecode.c.objc; path = "UIView+IQKeyboardToolbar.m"; sourceTree = "<group>"; };
		27E6ADFB1B785658008CE686 /* UIWindow+Hierarchy.h */ = {isa = PBXFileReference; fileEncoding = 4; lastKnownFileType = sourcecode.c.h; path = "UIWindow+Hierarchy.h"; sourceTree = "<group>"; };
		27E6ADFC1B785658008CE686 /* UIWindow+Hierarchy.m */ = {isa = PBXFileReference; fileEncoding = 4; lastKnownFileType = sourcecode.c.objc; path = "UIWindow+Hierarchy.m"; sourceTree = "<group>"; };
		27E6AE071B785915008CE686 /* logo_160.png */ = {isa = PBXFileReference; lastKnownFileType = image.png; path = logo_160.png; sourceTree = "<group>"; };
		27E6AE091B785B49008CE686 /* RCRoundButton.h */ = {isa = PBXFileReference; fileEncoding = 4; lastKnownFileType = sourcecode.c.h; path = RCRoundButton.h; sourceTree = "<group>"; };
		27E6AE0A1B785B49008CE686 /* RCRoundButton.m */ = {isa = PBXFileReference; fileEncoding = 4; lastKnownFileType = sourcecode.c.objc; path = RCRoundButton.m; sourceTree = "<group>"; };
		27E6AE0C1B787C30008CE686 /* iconfont-suo.png */ = {isa = PBXFileReference; lastKnownFileType = image.png; path = "iconfont-suo.png"; sourceTree = "<group>"; };
		27E6AE0D1B787C30008CE686 /* iconfont-user.png */ = {isa = PBXFileReference; lastKnownFileType = image.png; path = "iconfont-user.png"; sourceTree = "<group>"; };
		27E6AE101B787F25008CE686 /* iconfont-shouji.png */ = {isa = PBXFileReference; lastKnownFileType = image.png; path = "iconfont-shouji.png"; sourceTree = "<group>"; };
		27E6AE121B78861C008CE686 /* RegisterViewController.h */ = {isa = PBXFileReference; fileEncoding = 4; lastKnownFileType = sourcecode.c.h; path = RegisterViewController.h; sourceTree = "<group>"; };
		27E6AE131B78861C008CE686 /* RegisterViewController.m */ = {isa = PBXFileReference; fileEncoding = 4; lastKnownFileType = sourcecode.c.objc; path = RegisterViewController.m; sourceTree = "<group>"; };
		27EA99FC1B72F4A3003559C0 /* CouCell.h */ = {isa = PBXFileReference; fileEncoding = 4; lastKnownFileType = sourcecode.c.h; path = CouCell.h; sourceTree = "<group>"; };
		27EA99FD1B72F4A3003559C0 /* CouCell.m */ = {isa = PBXFileReference; fileEncoding = 4; lastKnownFileType = sourcecode.c.objc; path = CouCell.m; sourceTree = "<group>"; };
		27EA9A001B72F662003559C0 /* BaseViewController.h */ = {isa = PBXFileReference; fileEncoding = 4; lastKnownFileType = sourcecode.c.h; path = BaseViewController.h; sourceTree = "<group>"; };
		27EA9A011B72F662003559C0 /* BaseViewController.m */ = {isa = PBXFileReference; fileEncoding = 4; lastKnownFileType = sourcecode.c.objc; path = BaseViewController.m; sourceTree = "<group>"; };
		27EA9A071B7313C6003559C0 /* Default-568h@2x.png */ = {isa = PBXFileReference; lastKnownFileType = image.png; path = "Default-568h@2x.png"; sourceTree = "<group>"; };
		27EA9A0A1B731777003559C0 /* SearchViewController.h */ = {isa = PBXFileReference; fileEncoding = 4; lastKnownFileType = sourcecode.c.h; path = SearchViewController.h; sourceTree = "<group>"; };
		27EA9A0B1B731777003559C0 /* SearchViewController.m */ = {isa = PBXFileReference; fileEncoding = 4; lastKnownFileType = sourcecode.c.objc; path = SearchViewController.m; sourceTree = "<group>"; };
		27EA9A0D1B731AE7003559C0 /* iconfont-houtui@2x.png */ = {isa = PBXFileReference; lastKnownFileType = image.png; path = "iconfont-houtui@2x.png"; sourceTree = "<group>"; };
		27EA9A0F1B733208003559C0 /* DropDownList.h */ = {isa = PBXFileReference; fileEncoding = 4; lastKnownFileType = sourcecode.c.h; path = DropDownList.h; sourceTree = "<group>"; };
		27EA9A101B733208003559C0 /* DropDownList.m */ = {isa = PBXFileReference; fileEncoding = 4; lastKnownFileType = sourcecode.c.objc; path = DropDownList.m; sourceTree = "<group>"; };
		27EA9A121B7335FA003559C0 /* tbg.png */ = {isa = PBXFileReference; lastKnownFileType = image.png; path = tbg.png; sourceTree = "<group>"; };
		27EED2541B7462B1009F2DD2 /* MineViewController.h */ = {isa = PBXFileReference; fileEncoding = 4; lastKnownFileType = sourcecode.c.h; path = MineViewController.h; sourceTree = "<group>"; };
		27EED2551B7462B1009F2DD2 /* MineViewController.m */ = {isa = PBXFileReference; fileEncoding = 4; lastKnownFileType = sourcecode.c.objc; path = MineViewController.m; sourceTree = "<group>"; };
		27EED2641B7480C2009F2DD2 /* MineCell.h */ = {isa = PBXFileReference; fileEncoding = 4; lastKnownFileType = sourcecode.c.h; path = MineCell.h; sourceTree = "<group>"; };
		27EED2651B7480C2009F2DD2 /* MineCell.m */ = {isa = PBXFileReference; fileEncoding = 4; lastKnownFileType = sourcecode.c.objc; path = MineCell.m; sourceTree = "<group>"; };
		27EED2681B7489F7009F2DD2 /* mine_01.png */ = {isa = PBXFileReference; lastKnownFileType = image.png; path = mine_01.png; sourceTree = "<group>"; };
		27EED2691B7489F7009F2DD2 /* mine_02.png */ = {isa = PBXFileReference; lastKnownFileType = image.png; path = mine_02.png; sourceTree = "<group>"; };
		27EED26A1B7489F7009F2DD2 /* mine_03.png */ = {isa = PBXFileReference; lastKnownFileType = image.png; path = mine_03.png; sourceTree = "<group>"; };
		27EED26B1B7489F7009F2DD2 /* mine_04.png */ = {isa = PBXFileReference; lastKnownFileType = image.png; path = mine_04.png; sourceTree = "<group>"; };
		27EED26C1B7489F7009F2DD2 /* mine_05.png */ = {isa = PBXFileReference; lastKnownFileType = image.png; path = mine_05.png; sourceTree = "<group>"; };
		27EED2731B748D90009F2DD2 /* mine_00.png */ = {isa = PBXFileReference; lastKnownFileType = image.png; path = mine_00.png; sourceTree = "<group>"; };
		27EED2751B7495B1009F2DD2 /* ThemeViewController.h */ = {isa = PBXFileReference; fileEncoding = 4; lastKnownFileType = sourcecode.c.h; path = ThemeViewController.h; sourceTree = "<group>"; };
		27EED2761B7495B1009F2DD2 /* ThemeViewController.m */ = {isa = PBXFileReference; fileEncoding = 4; lastKnownFileType = sourcecode.c.objc; path = ThemeViewController.m; sourceTree = "<group>"; };
		27EFB2111B734C9800A14872 /* arrow.png */ = {isa = PBXFileReference; lastKnownFileType = image.png; path = arrow.png; sourceTree = "<group>"; };
		27EFB2131B73518D00A14872 /* MXPullDownMenu.h */ = {isa = PBXFileReference; fileEncoding = 4; lastKnownFileType = sourcecode.c.h; path = MXPullDownMenu.h; sourceTree = "<group>"; };
		27EFB2141B73518D00A14872 /* MXPullDownMenu.m */ = {isa = PBXFileReference; fileEncoding = 4; lastKnownFileType = sourcecode.c.objc; path = MXPullDownMenu.m; sourceTree = "<group>"; };
		27EFB2171B73737C00A14872 /* CategoryViewController.h */ = {isa = PBXFileReference; fileEncoding = 4; lastKnownFileType = sourcecode.c.h; path = CategoryViewController.h; sourceTree = "<group>"; };
		27EFB2181B73737C00A14872 /* CategoryViewController.m */ = {isa = PBXFileReference; fileEncoding = 4; lastKnownFileType = sourcecode.c.objc; path = CategoryViewController.m; sourceTree = "<group>"; };
		27EFB21C1B737ED600A14872 /* CategoryCell.h */ = {isa = PBXFileReference; fileEncoding = 4; lastKnownFileType = sourcecode.c.h; path = CategoryCell.h; sourceTree = "<group>"; };
		27EFB21D1B737ED600A14872 /* CategoryCell.m */ = {isa = PBXFileReference; fileEncoding = 4; lastKnownFileType = sourcecode.c.objc; path = CategoryCell.m; sourceTree = "<group>"; };
		27EFB2231B73966800A14872 /* duixiang_00.png */ = {isa = PBXFileReference; lastKnownFileType = image.png; path = duixiang_00.png; sourceTree = "<group>"; };
		27EFB2241B73966800A14872 /* duixiang_01.png */ = {isa = PBXFileReference; lastKnownFileType = image.png; path = duixiang_01.png; sourceTree = "<group>"; };
		27EFB2251B73966800A14872 /* duixiang_02.png */ = {isa = PBXFileReference; lastKnownFileType = image.png; path = duixiang_02.png; sourceTree = "<group>"; };
		27EFB2261B73966800A14872 /* duixiang_03.png */ = {isa = PBXFileReference; lastKnownFileType = image.png; path = duixiang_03.png; sourceTree = "<group>"; };
		27EFB2271B73966800A14872 /* duixiang_04.png */ = {isa = PBXFileReference; lastKnownFileType = image.png; path = duixiang_04.png; sourceTree = "<group>"; };
		27EFB2281B73966800A14872 /* duixiang_05.png */ = {isa = PBXFileReference; lastKnownFileType = image.png; path = duixiang_05.png; sourceTree = "<group>"; };
		27EFB2291B73966800A14872 /* duixiang_06.png */ = {isa = PBXFileReference; lastKnownFileType = image.png; path = duixiang_06.png; sourceTree = "<group>"; };
		27EFB22A1B73966800A14872 /* duixiang_07.png */ = {isa = PBXFileReference; lastKnownFileType = image.png; path = duixiang_07.png; sourceTree = "<group>"; };
		27EFB2331B7396E700A14872 /* changhe_00.png */ = {isa = PBXFileReference; lastKnownFileType = image.png; path = changhe_00.png; sourceTree = "<group>"; };
		27EFB2341B7396E700A14872 /* changhe_01.png */ = {isa = PBXFileReference; lastKnownFileType = image.png; path = changhe_01.png; sourceTree = "<group>"; };
		27EFB2351B7396E700A14872 /* changhe_02.png */ = {isa = PBXFileReference; lastKnownFileType = image.png; path = changhe_02.png; sourceTree = "<group>"; };
		27EFB2361B7396E700A14872 /* changhe_03.png */ = {isa = PBXFileReference; lastKnownFileType = image.png; path = changhe_03.png; sourceTree = "<group>"; };
		27EFB2371B7396E700A14872 /* changhe_04.png */ = {isa = PBXFileReference; lastKnownFileType = image.png; path = changhe_04.png; sourceTree = "<group>"; };
		27EFB2381B7396E700A14872 /* changhe_05.png */ = {isa = PBXFileReference; lastKnownFileType = image.png; path = changhe_05.png; sourceTree = "<group>"; };
		27EFB23F1B7396F600A14872 /* gexin_00.png */ = {isa = PBXFileReference; lastKnownFileType = image.png; path = gexin_00.png; sourceTree = "<group>"; };
		27EFB2401B7396F600A14872 /* gexin_01.png */ = {isa = PBXFileReference; lastKnownFileType = image.png; path = gexin_01.png; sourceTree = "<group>"; };
		27EFB2411B7396F600A14872 /* gexin_02.png */ = {isa = PBXFileReference; lastKnownFileType = image.png; path = gexin_02.png; sourceTree = "<group>"; };
		27EFB2421B7396F600A14872 /* gexin_03.png */ = {isa = PBXFileReference; lastKnownFileType = image.png; path = gexin_03.png; sourceTree = "<group>"; };
		27EFB2431B7396F600A14872 /* gexin_04.png */ = {isa = PBXFileReference; lastKnownFileType = image.png; path = gexin_04.png; sourceTree = "<group>"; };
		27EFB2441B7396F600A14872 /* gexin_05.png */ = {isa = PBXFileReference; lastKnownFileType = image.png; path = gexin_05.png; sourceTree = "<group>"; };
		27EFB2451B7396F600A14872 /* gexin_06.png */ = {isa = PBXFileReference; lastKnownFileType = image.png; path = gexin_06.png; sourceTree = "<group>"; };
		27EFB24D1B73970100A14872 /* jiage_00.png */ = {isa = PBXFileReference; lastKnownFileType = image.png; path = jiage_00.png; sourceTree = "<group>"; };
		27EFB24E1B73970100A14872 /* jiage_01.png */ = {isa = PBXFileReference; lastKnownFileType = image.png; path = jiage_01.png; sourceTree = "<group>"; };
		27EFB24F1B73970100A14872 /* jiage_02.png */ = {isa = PBXFileReference; lastKnownFileType = image.png; path = jiage_02.png; sourceTree = "<group>"; };
		27EFB2501B73970100A14872 /* jiage_03.png */ = {isa = PBXFileReference; lastKnownFileType = image.png; path = jiage_03.png; sourceTree = "<group>"; };
		27EFB2511B73970100A14872 /* jiage_04.png */ = {isa = PBXFileReference; lastKnownFileType = image.png; path = jiage_04.png; sourceTree = "<group>"; };
		27EFB2571B73970800A14872 /* pinglei_00.png */ = {isa = PBXFileReference; lastKnownFileType = image.png; path = pinglei_00.png; sourceTree = "<group>"; };
		27EFB2581B73970800A14872 /* pinglei_01.png */ = {isa = PBXFileReference; lastKnownFileType = image.png; path = pinglei_01.png; sourceTree = "<group>"; };
		27EFB2591B73970800A14872 /* pinglei_02.png */ = {isa = PBXFileReference; lastKnownFileType = image.png; path = pinglei_02.png; sourceTree = "<group>"; };
		27EFB25A1B73970800A14872 /* pinglei_03.png */ = {isa = PBXFileReference; lastKnownFileType = image.png; path = pinglei_03.png; sourceTree = "<group>"; };
		27EFB25B1B73970800A14872 /* pinglei_04.png */ = {isa = PBXFileReference; lastKnownFileType = image.png; path = pinglei_04.png; sourceTree = "<group>"; };
		27EFB25C1B73970800A14872 /* pinglei_05.png */ = {isa = PBXFileReference; lastKnownFileType = image.png; path = pinglei_05.png; sourceTree = "<group>"; };
		27EFB25D1B73970800A14872 /* pinglei_06.png */ = {isa = PBXFileReference; lastKnownFileType = image.png; path = pinglei_06.png; sourceTree = "<group>"; };
		27EFB25E1B73970900A14872 /* pinglei_07.png */ = {isa = PBXFileReference; lastKnownFileType = image.png; path = pinglei_07.png; sourceTree = "<group>"; };
		27EFB25F1B73970900A14872 /* pinglei_08.png */ = {isa = PBXFileReference; lastKnownFileType = image.png; path = pinglei_08.png; sourceTree = "<group>"; };
		2E4D41BD1B72870400AA314E /* CouViewController.h */ = {isa = PBXFileReference; fileEncoding = 4; lastKnownFileType = sourcecode.c.h; path = CouViewController.h; sourceTree = "<group>"; };
		2E4D41BE1B72870400AA314E /* CouViewController.m */ = {isa = PBXFileReference; fileEncoding = 4; lastKnownFileType = sourcecode.c.objc; path = CouViewController.m; sourceTree = "<group>"; };
		2E5AB33A1B726D7300E65D5D /* TabBarViewController.h */ = {isa = PBXFileReference; fileEncoding = 4; lastKnownFileType = sourcecode.c.h; path = TabBarViewController.h; sourceTree = "<group>"; };
		2E5AB33B1B726D7300E65D5D /* TabBarViewController.m */ = {isa = PBXFileReference; fileEncoding = 4; lastKnownFileType = sourcecode.c.objc; path = TabBarViewController.m; sourceTree = "<group>"; };
		2E7147971B75C0330063FA07 /* NSDictionary_IngoreNull.h */ = {isa = PBXFileReference; fileEncoding = 4; lastKnownFileType = sourcecode.c.h; path = NSDictionary_IngoreNull.h; sourceTree = "<group>"; };
		2E7147981B75C0330063FA07 /* NSDictionary_IngoreNull.m */ = {isa = PBXFileReference; fileEncoding = 4; lastKnownFileType = sourcecode.c.objc; path = NSDictionary_IngoreNull.m; sourceTree = "<group>"; };
		2E7A78B71B77CA5B004A58AB /* ProgressView.h */ = {isa = PBXFileReference; fileEncoding = 4; lastKnownFileType = sourcecode.c.h; path = ProgressView.h; sourceTree = "<group>"; };
		2E7A78B81B77CA5B004A58AB /* ProgressView.m */ = {isa = PBXFileReference; fileEncoding = 4; lastKnownFileType = sourcecode.c.objc; path = ProgressView.m; sourceTree = "<group>"; };
		2E7A78BA1B77CA65004A58AB /* RMDisplayLabel.h */ = {isa = PBXFileReference; fileEncoding = 4; lastKnownFileType = sourcecode.c.h; path = RMDisplayLabel.h; sourceTree = "<group>"; };
		2E7A78BB1B77CA65004A58AB /* RMDisplayLabel.m */ = {isa = PBXFileReference; fileEncoding = 4; lastKnownFileType = sourcecode.c.objc; path = RMDisplayLabel.m; sourceTree = "<group>"; };
		2E7A78BC1B77CA65004A58AB /* RMDownloadIndicator.h */ = {isa = PBXFileReference; fileEncoding = 4; lastKnownFileType = sourcecode.c.h; path = RMDownloadIndicator.h; sourceTree = "<group>"; };
		2E7A78BD1B77CA65004A58AB /* RMDownloadIndicator.m */ = {isa = PBXFileReference; fileEncoding = 4; lastKnownFileType = sourcecode.c.objc; path = RMDownloadIndicator.m; sourceTree = "<group>"; };
		2E7A78C01B77CA79004A58AB /* RMViewController.h */ = {isa = PBXFileReference; fileEncoding = 4; lastKnownFileType = sourcecode.c.h; path = RMViewController.h; sourceTree = "<group>"; };
		2E7A78C11B77CA79004A58AB /* RMViewController.m */ = {isa = PBXFileReference; fileEncoding = 4; lastKnownFileType = sourcecode.c.objc; path = RMViewController.m; sourceTree = "<group>"; };
/* End PBXFileReference section */

/* Begin PBXFrameworksBuildPhase section */
		27DD23CC1B70514700C61546 /* Frameworks */ = {
			isa = PBXFrameworksBuildPhase;
			buildActionMask = 2147483647;
			files = (
				27BA81461B71B537005B527B /* QuartzCore.framework in Frameworks */,
			);
			runOnlyForDeploymentPostprocessing = 0;
		};
		27DD23E51B70514700C61546 /* Frameworks */ = {
			isa = PBXFrameworksBuildPhase;
			buildActionMask = 2147483647;
			files = (
			);
			runOnlyForDeploymentPostprocessing = 0;
		};
/* End PBXFrameworksBuildPhase section */

/* Begin PBXGroup section */
		27BA81321B71AACB005B527B /* 图标 */ = {
			isa = PBXGroup;
			children = (
				27EED2571B7464E1009F2DD2 /* Mine */,
				27EFB2691B73971000A14872 /* Category */,
				27EFB2111B734C9800A14872 /* arrow.png */,
				27EA9A121B7335FA003559C0 /* tbg.png */,
				27EA9A0D1B731AE7003559C0 /* iconfont-houtui@2x.png */,
				27BA81851B71FAFB005B527B /* iconfont-icon83.png */,
				27BA813D1B71AB1B005B527B /* iconfont-jia.png */,
				27BA81331B71AADF005B527B /* iconfont-cfz.png */,
				27BA81341B71AADF005B527B /* iconfont-fenlei.png */,
				27BA81361B71AADF005B527B /* iconfont-shouye.png */,
				27BA81371B71AADF005B527B /* iconfont-wode.png */,
				27E6AE071B785915008CE686 /* logo_160.png */,
				27E6AE0D1B787C30008CE686 /* iconfont-user.png */,
				27E6AE0C1B787C30008CE686 /* iconfont-suo.png */,
				27E6AE101B787F25008CE686 /* iconfont-shouji.png */,
			);
			name = "图标";
			sourceTree = "<group>";
		};
		27BA814D1B71C68F005B527B /* SDWebImage */ = {
			isa = PBXGroup;
			children = (
				27BA814E1B71C6A6005B527B /* MKAnnotationView+WebCache.h */,
				27BA814F1B71C6A6005B527B /* MKAnnotationView+WebCache.m */,
				27BA81501B71C6A6005B527B /* NSData+ImageContentType.h */,
				27BA81511B71C6A6005B527B /* NSData+ImageContentType.m */,
				27BA81521B71C6A6005B527B /* SDImageCache.h */,
				27BA81531B71C6A6005B527B /* SDImageCache.m */,
				27BA81541B71C6A6005B527B /* SDWebImageCompat.h */,
				27BA81551B71C6A6005B527B /* SDWebImageCompat.m */,
				27BA81561B71C6A6005B527B /* SDWebImageDecoder.h */,
				27BA81571B71C6A6005B527B /* SDWebImageDecoder.m */,
				27BA81581B71C6A6005B527B /* SDWebImageDownloader.h */,
				27BA81591B71C6A6005B527B /* SDWebImageDownloader.m */,
				27BA815A1B71C6A6005B527B /* SDWebImageDownloaderOperation.h */,
				27BA815B1B71C6A6005B527B /* SDWebImageDownloaderOperation.m */,
				27BA815C1B71C6A6005B527B /* SDWebImageManager.h */,
				27BA815D1B71C6A6005B527B /* SDWebImageManager.m */,
				27BA815E1B71C6A6005B527B /* SDWebImageOperation.h */,
				27BA815F1B71C6A6005B527B /* SDWebImagePrefetcher.h */,
				27BA81601B71C6A6005B527B /* SDWebImagePrefetcher.m */,
				27BA81611B71C6A6005B527B /* UIButton+WebCache.h */,
				27BA81621B71C6A6005B527B /* UIButton+WebCache.m */,
				27BA81631B71C6A6005B527B /* UIImage+GIF.h */,
				27BA81641B71C6A6005B527B /* UIImage+GIF.m */,
				27BA81651B71C6A6005B527B /* UIImage+MultiFormat.h */,
				27BA81661B71C6A6005B527B /* UIImage+MultiFormat.m */,
				27BA81671B71C6A6005B527B /* UIImage+WebP.h */,
				27BA81681B71C6A6005B527B /* UIImage+WebP.m */,
				27BA81691B71C6A6005B527B /* UIImageView+HighlightedWebCache.h */,
				27BA816A1B71C6A6005B527B /* UIImageView+HighlightedWebCache.m */,
				27BA816B1B71C6A6005B527B /* UIImageView+WebCache.h */,
				27BA816C1B71C6A6005B527B /* UIImageView+WebCache.m */,
				27BA816D1B71C6A6005B527B /* UIView+WebCacheOperation.h */,
				27BA816E1B71C6A6005B527B /* UIView+WebCacheOperation.m */,
			);
			name = SDWebImage;
			sourceTree = "<group>";
		};
		27DD23C61B70514700C61546 = {
			isa = PBXGroup;
			children = (
				27BA81451B71B537005B527B /* QuartzCore.framework */,
				27DD23D11B70514700C61546 /* angelslike */,
				27DD23EB1B70514700C61546 /* angelslikeTests */,
				27DD23D01B70514700C61546 /* Products */,
			);
			sourceTree = "<group>";
		};
		27DD23D01B70514700C61546 /* Products */ = {
			isa = PBXGroup;
			children = (
				27DD23CF1B70514700C61546 /* angelslike.app */,
				27DD23E81B70514700C61546 /* angelslikeTests.xctest */,
			);
			name = Products;
			sourceTree = "<group>";
		};
		27DD23D11B70514700C61546 /* angelslike */ = {
			isa = PBXGroup;
			children = (
				2E7A78B61B77CA4D004A58AB /* TT */,
				27BA81321B71AACB005B527B /* 图标 */,
				27DD24011B70593C00C61546 /* 第三方 */,
				27DD24001B70592D00C61546 /* 自定义控件 */,
				27DD23FC1B7057E100C61546 /* 常用类 */,
				27EA99FF1B72F629003559C0 /* 基本配置类 */,
				27E6ADE21B7855CD008CE686 /* 登陆页 */,
				27DD23F81B70562400C61546 /* 主页 */,
				2E4D41BC1B72867D00AA314E /* 凑分子 */,
				27EA9A091B73174E003559C0 /* 搜索页 */,
				27EFB2161B73735500A14872 /* 分类页 */,
				27EED2531B746278009F2DD2 /* 我的页 */,
				27DD23D61B70514700C61546 /* AppDelegate.h */,
				27DD23D71B70514700C61546 /* AppDelegate.m */,
				27DD23D91B70514700C61546 /* ViewController.h */,
				27DD23DA1B70514700C61546 /* ViewController.m */,
				27DD23DF1B70514700C61546 /* Images.xcassets */,
				27DD23D21B70514700C61546 /* Supporting Files */,
			);
			path = angelslike;
			sourceTree = "<group>";
		};
		27DD23D21B70514700C61546 /* Supporting Files */ = {
			isa = PBXGroup;
			children = (
				27EA9A071B7313C6003559C0 /* Default-568h@2x.png */,
				27DD23D31B70514700C61546 /* Info.plist */,
				27DD23D41B70514700C61546 /* main.m */,
			);
			name = "Supporting Files";
			sourceTree = "<group>";
		};
		27DD23EB1B70514700C61546 /* angelslikeTests */ = {
			isa = PBXGroup;
			children = (
				27DD23EE1B70514700C61546 /* angelslikeTests.m */,
				27DD23EC1B70514700C61546 /* Supporting Files */,
			);
			path = angelslikeTests;
			sourceTree = "<group>";
		};
		27DD23EC1B70514700C61546 /* Supporting Files */ = {
			isa = PBXGroup;
			children = (
				27DD23ED1B70514700C61546 /* Info.plist */,
			);
			name = "Supporting Files";
			sourceTree = "<group>";
		};
		27DD23F81B70562400C61546 /* 主页 */ = {
			isa = PBXGroup;
			children = (
				27DD24021B705C8400C61546 /* MainCell.h */,
				27DD24031B705C8400C61546 /* MainCell.m */,
				27DD23F91B70565700C61546 /* MainViewController.h */,
				27DD23FA1B70565700C61546 /* MainViewController.m */,
			);
			name = "主页";
			sourceTree = "<group>";
		};
		27DD23FC1B7057E100C61546 /* 常用类 */ = {
			isa = PBXGroup;
			children = (
				27DD240F1B70682000C61546 /* HeaderDefiner.h */,
				2E7147971B75C0330063FA07 /* NSDictionary_IngoreNull.h */,
				2E7147981B75C0330063FA07 /* NSDictionary_IngoreNull.m */,
				27DD23FD1B70584700C61546 /* UIColor+HexColor.h */,
				27DD23FE1B70584700C61546 /* UIColor+HexColor.m */,
				272B6DAE1B70A73F006CCFE6 /* UIImageView+NetWork.h */,
				272B6DAF1B70A73F006CCFE6 /* UIImageView+NetWork.m */,
				27DD24091B7061A000C61546 /* ImageDownloader.h */,
				27DD240A1B7061A000C61546 /* ImageDownloader.m */,
				27DD240C1B70639B00C61546 /* NetWork.h */,
				27DD240D1B70639B00C61546 /* NetWork.m */,
				27BA81421B71B508005B527B /* UIImage+Color.h */,
				27BA81431B71B508005B527B /* UIImage+Color.m */,
			);
			name = "常用类";
			sourceTree = "<group>";
		};
		27DD24001B70592D00C61546 /* 自定义控件 */ = {
			isa = PBXGroup;
			children = (
				272B6DAB1B709CF0006CCFE6 /* ImageScroller.h */,
				272B6DAC1B709CF1006CCFE6 /* ImageScroller.m */,
				27BA813F1B71ABA3005B527B /* MainTabBar.h */,
				27BA81401B71ABA3005B527B /* MainTabBar.m */,
				27BA81821B71F80E005B527B /* Banner.h */,
				27BA81831B71F80E005B527B /* Banner.m */,
				27BA817F1B71EA77005B527B /* LoadMoreTableView.h */,
				27BA81801B71EA77005B527B /* LoadMoreTableView.m */,
				27EA9A0F1B733208003559C0 /* DropDownList.h */,
				27EA9A101B733208003559C0 /* DropDownList.m */,
				27E6AE091B785B49008CE686 /* RCRoundButton.h */,
				27E6AE0A1B785B49008CE686 /* RCRoundButton.m */,
			);
			name = "自定义控件";
			sourceTree = "<group>";
		};
		27DD24011B70593C00C61546 /* 第三方 */ = {
			isa = PBXGroup;
			children = (
				27E6ADE61B785646008CE686 /* IQKeyBoard */,
				27BA814D1B71C68F005B527B /* SDWebImage */,
				27BA81471B71B671005B527B /* UIImage+RTTint.h */,
				27BA81481B71B671005B527B /* UIImage+RTTint.m */,
				27EFB2131B73518D00A14872 /* MXPullDownMenu.h */,
				27EFB2141B73518D00A14872 /* MXPullDownMenu.m */,
			);
			name = "第三方";
			sourceTree = "<group>";
		};
		27E6ADE21B7855CD008CE686 /* 登陆页 */ = {
			isa = PBXGroup;
			children = (
				27E6ADE31B7855EA008CE686 /* LoginViewController.h */,
				27E6ADE41B7855EA008CE686 /* LoginViewController.m */,
				27E6AE121B78861C008CE686 /* RegisterViewController.h */,
				27E6AE131B78861C008CE686 /* RegisterViewController.m */,
			);
			name = "登陆页";
			sourceTree = "<group>";
		};
		27E6ADE61B785646008CE686 /* IQKeyBoard */ = {
			isa = PBXGroup;
			children = (
				27E6ADE71B785658008CE686 /* IQKeyboardManager.bundle */,
				27E6ADE81B785658008CE686 /* IQKeyboardManager.h */,
				27E6ADE91B785658008CE686 /* IQKeyboardManager.m */,
				27E6ADEA1B785658008CE686 /* IQKeyboardManagerConstants.h */,
				27E6ADEB1B785658008CE686 /* IQKeyboardManagerConstantsInternal.h */,
				27E6ADEC1B785658008CE686 /* IQSegmentedNextPrevious.h */,
				27E6ADED1B785658008CE686 /* IQSegmentedNextPrevious.m */,
				27E6ADEE1B785658008CE686 /* IQTextView.h */,
				27E6ADEF1B785658008CE686 /* IQTextView.m */,
				27E6ADF01B785658008CE686 /* IQTitleBarButtonItem.h */,
				27E6ADF11B785658008CE686 /* IQTitleBarButtonItem.m */,
				27E6ADF21B785658008CE686 /* IQToolbar.h */,
				27E6ADF31B785658008CE686 /* IQToolbar.m */,
				27E6ADF41B785658008CE686 /* KeyboardManager.h */,
				27E6ADF51B785658008CE686 /* NSArray+Sort.h */,
				27E6ADF61B785658008CE686 /* NSArray+Sort.m */,
				27E6ADF71B785658008CE686 /* UIView+Hierarchy.h */,
				27E6ADF81B785658008CE686 /* UIView+Hierarchy.m */,
				27E6ADF91B785658008CE686 /* UIView+IQKeyboardToolbar.h */,
				27E6ADFA1B785658008CE686 /* UIView+IQKeyboardToolbar.m */,
				27E6ADFB1B785658008CE686 /* UIWindow+Hierarchy.h */,
				27E6ADFC1B785658008CE686 /* UIWindow+Hierarchy.m */,
			);
			name = IQKeyBoard;
			sourceTree = "<group>";
		};
		27EA99FF1B72F629003559C0 /* 基本配置类 */ = {
			isa = PBXGroup;
			children = (
				27EA9A001B72F662003559C0 /* BaseViewController.h */,
				27EA9A011B72F662003559C0 /* BaseViewController.m */,
				2E5AB33A1B726D7300E65D5D /* TabBarViewController.h */,
				2E5AB33B1B726D7300E65D5D /* TabBarViewController.m */,
			);
			name = "基本配置类";
			sourceTree = "<group>";
		};
		27EA9A091B73174E003559C0 /* 搜索页 */ = {
			isa = PBXGroup;
			children = (
				27EA9A0A1B731777003559C0 /* SearchViewController.h */,
				27EA9A0B1B731777003559C0 /* SearchViewController.m */,
			);
			name = "搜索页";
			sourceTree = "<group>";
		};
		27EED2531B746278009F2DD2 /* 我的页 */ = {
			isa = PBXGroup;
			children = (
				27EED2641B7480C2009F2DD2 /* MineCell.h */,
				27EED2651B7480C2009F2DD2 /* MineCell.m */,
				27EED2541B7462B1009F2DD2 /* MineViewController.h */,
				27EED2551B7462B1009F2DD2 /* MineViewController.m */,
			);
			name = "我的页";
			sourceTree = "<group>";
		};
		27EED2571B7464E1009F2DD2 /* Mine */ = {
			isa = PBXGroup;
			children = (
				27EED2731B748D90009F2DD2 /* mine_00.png */,
				27EED2681B7489F7009F2DD2 /* mine_01.png */,
				27EED2691B7489F7009F2DD2 /* mine_02.png */,
				27EED26A1B7489F7009F2DD2 /* mine_03.png */,
				27EED26B1B7489F7009F2DD2 /* mine_04.png */,
				27EED26C1B7489F7009F2DD2 /* mine_05.png */,
			);
			name = Mine;
			sourceTree = "<group>";
		};
		27EFB2161B73735500A14872 /* 分类页 */ = {
			isa = PBXGroup;
			children = (
				27EFB21C1B737ED600A14872 /* CategoryCell.h */,
				27EFB21D1B737ED600A14872 /* CategoryCell.m */,
				27EFB2171B73737C00A14872 /* CategoryViewController.h */,
				27EFB2181B73737C00A14872 /* CategoryViewController.m */,
				27EED2751B7495B1009F2DD2 /* ThemeViewController.h */,
				27EED2761B7495B1009F2DD2 /* ThemeViewController.m */,
			);
			name = "分类页";
			sourceTree = "<group>";
		};
		27EFB2691B73971000A14872 /* Category */ = {
			isa = PBXGroup;
			children = (
				27EFB2571B73970800A14872 /* pinglei_00.png */,
				27EFB2581B73970800A14872 /* pinglei_01.png */,
				27EFB2591B73970800A14872 /* pinglei_02.png */,
				27EFB25A1B73970800A14872 /* pinglei_03.png */,
				27EFB25B1B73970800A14872 /* pinglei_04.png */,
				27EFB25C1B73970800A14872 /* pinglei_05.png */,
				27EFB25D1B73970800A14872 /* pinglei_06.png */,
				27EFB25E1B73970900A14872 /* pinglei_07.png */,
				27EFB25F1B73970900A14872 /* pinglei_08.png */,
				27EFB24D1B73970100A14872 /* jiage_00.png */,
				27EFB24E1B73970100A14872 /* jiage_01.png */,
				27EFB24F1B73970100A14872 /* jiage_02.png */,
				27EFB2501B73970100A14872 /* jiage_03.png */,
				27EFB2511B73970100A14872 /* jiage_04.png */,
				27EFB23F1B7396F600A14872 /* gexin_00.png */,
				27EFB2401B7396F600A14872 /* gexin_01.png */,
				27EFB2411B7396F600A14872 /* gexin_02.png */,
				27EFB2421B7396F600A14872 /* gexin_03.png */,
				27EFB2431B7396F600A14872 /* gexin_04.png */,
				27EFB2441B7396F600A14872 /* gexin_05.png */,
				27EFB2451B7396F600A14872 /* gexin_06.png */,
				27EFB2231B73966800A14872 /* duixiang_00.png */,
				27EFB2241B73966800A14872 /* duixiang_01.png */,
				27EFB2251B73966800A14872 /* duixiang_02.png */,
				27EFB2261B73966800A14872 /* duixiang_03.png */,
				27EFB2271B73966800A14872 /* duixiang_04.png */,
				27EFB2281B73966800A14872 /* duixiang_05.png */,
				27EFB2291B73966800A14872 /* duixiang_06.png */,
				27EFB22A1B73966800A14872 /* duixiang_07.png */,
				27EFB2331B7396E700A14872 /* changhe_00.png */,
				27EFB2341B7396E700A14872 /* changhe_01.png */,
				27EFB2351B7396E700A14872 /* changhe_02.png */,
				27EFB2361B7396E700A14872 /* changhe_03.png */,
				27EFB2371B7396E700A14872 /* changhe_04.png */,
				27EFB2381B7396E700A14872 /* changhe_05.png */,
			);
			name = Category;
			sourceTree = "<group>";
		};
		2E4D41BC1B72867D00AA314E /* 凑分子 */ = {
			isa = PBXGroup;
			children = (
				27EA99FC1B72F4A3003559C0 /* CouCell.h */,
				27EA99FD1B72F4A3003559C0 /* CouCell.m */,
				2E4D41BD1B72870400AA314E /* CouViewController.h */,
				2E4D41BE1B72870400AA314E /* CouViewController.m */,
			);
			name = "凑分子";
			sourceTree = "<group>";
		};
		2E7A78B61B77CA4D004A58AB /* TT */ = {
			isa = PBXGroup;
			children = (
				2E7A78C01B77CA79004A58AB /* RMViewController.h */,
				2E7A78C11B77CA79004A58AB /* RMViewController.m */,
				2E7A78BA1B77CA65004A58AB /* RMDisplayLabel.h */,
				2E7A78BB1B77CA65004A58AB /* RMDisplayLabel.m */,
				2E7A78BC1B77CA65004A58AB /* RMDownloadIndicator.h */,
				2E7A78BD1B77CA65004A58AB /* RMDownloadIndicator.m */,
				2E7A78B71B77CA5B004A58AB /* ProgressView.h */,
				2E7A78B81B77CA5B004A58AB /* ProgressView.m */,
			);
			name = TT;
			sourceTree = "<group>";
		};
/* End PBXGroup section */

/* Begin PBXNativeTarget section */
		27DD23CE1B70514700C61546 /* angelslike */ = {
			isa = PBXNativeTarget;
			buildConfigurationList = 27DD23F21B70514700C61546 /* Build configuration list for PBXNativeTarget "angelslike" */;
			buildPhases = (
				27DD23CB1B70514700C61546 /* Sources */,
				27DD23CC1B70514700C61546 /* Frameworks */,
				27DD23CD1B70514700C61546 /* Resources */,
			);
			buildRules = (
			);
			dependencies = (
			);
			name = angelslike;
			productName = angelslike;
			productReference = 27DD23CF1B70514700C61546 /* angelslike.app */;
			productType = "com.apple.product-type.application";
		};
		27DD23E71B70514700C61546 /* angelslikeTests */ = {
			isa = PBXNativeTarget;
			buildConfigurationList = 27DD23F51B70514700C61546 /* Build configuration list for PBXNativeTarget "angelslikeTests" */;
			buildPhases = (
				27DD23E41B70514700C61546 /* Sources */,
				27DD23E51B70514700C61546 /* Frameworks */,
				27DD23E61B70514700C61546 /* Resources */,
			);
			buildRules = (
			);
			dependencies = (
				27DD23EA1B70514700C61546 /* PBXTargetDependency */,
			);
			name = angelslikeTests;
			productName = angelslikeTests;
			productReference = 27DD23E81B70514700C61546 /* angelslikeTests.xctest */;
			productType = "com.apple.product-type.bundle.unit-test";
		};
/* End PBXNativeTarget section */

/* Begin PBXProject section */
		27DD23C71B70514700C61546 /* Project object */ = {
			isa = PBXProject;
			attributes = {
				LastUpgradeCheck = 0640;
				ORGANIZATIONNAME = angelslike;
				TargetAttributes = {
					27DD23CE1B70514700C61546 = {
						CreatedOnToolsVersion = 6.4;
						DevelopmentTeam = BXS8PTL5GM;
					};
					27DD23E71B70514700C61546 = {
						CreatedOnToolsVersion = 6.4;
						TestTargetID = 27DD23CE1B70514700C61546;
					};
				};
			};
			buildConfigurationList = 27DD23CA1B70514700C61546 /* Build configuration list for PBXProject "angelslike" */;
			compatibilityVersion = "Xcode 3.2";
			developmentRegion = English;
			hasScannedForEncodings = 0;
			knownRegions = (
				en,
				Base,
			);
			mainGroup = 27DD23C61B70514700C61546;
			productRefGroup = 27DD23D01B70514700C61546 /* Products */;
			projectDirPath = "";
			projectRoot = "";
			targets = (
				27DD23CE1B70514700C61546 /* angelslike */,
				27DD23E71B70514700C61546 /* angelslikeTests */,
			);
		};
/* End PBXProject section */

/* Begin PBXResourcesBuildPhase section */
		27DD23CD1B70514700C61546 /* Resources */ = {
			isa = PBXResourcesBuildPhase;
			buildActionMask = 2147483647;
			files = (
				27EA9A0E1B731AE7003559C0 /* iconfont-houtui@2x.png in Resources */,
				27EFB2551B73970100A14872 /* jiage_03.png in Resources */,
				27BA813B1B71AADF005B527B /* iconfont-shouye.png in Resources */,
				27EFB23C1B7396E700A14872 /* changhe_03.png in Resources */,
				27EFB2121B734C9800A14872 /* arrow.png in Resources */,
				27EFB22E1B73966800A14872 /* duixiang_03.png in Resources */,
				27EFB2561B73970100A14872 /* jiage_04.png in Resources */,
				27EED2701B7489F7009F2DD2 /* mine_03.png in Resources */,
				27EED26E1B7489F7009F2DD2 /* mine_01.png in Resources */,
				27E6AE0E1B787C30008CE686 /* iconfont-suo.png in Resources */,
				27EFB23E1B7396E700A14872 /* changhe_05.png in Resources */,
				27EFB2671B73970900A14872 /* pinglei_07.png in Resources */,
				27BA81381B71AADF005B527B /* iconfont-cfz.png in Resources */,
				27EFB2481B7396F600A14872 /* gexin_02.png in Resources */,
				27EA9A131B7335FA003559C0 /* tbg.png in Resources */,
				27E6AE081B785915008CE686 /* logo_160.png in Resources */,
				27BA81391B71AADF005B527B /* iconfont-fenlei.png in Resources */,
				27EFB2471B7396F600A14872 /* gexin_01.png in Resources */,
				27E6AE111B787F25008CE686 /* iconfont-shouji.png in Resources */,
				27EFB2531B73970100A14872 /* jiage_01.png in Resources */,
				27EFB24B1B7396F600A14872 /* gexin_05.png in Resources */,
				27EFB22B1B73966800A14872 /* duixiang_00.png in Resources */,
				27EFB22C1B73966800A14872 /* duixiang_01.png in Resources */,
				27EFB2461B7396F600A14872 /* gexin_00.png in Resources */,
				27EFB2661B73970900A14872 /* pinglei_06.png in Resources */,
				27EFB2621B73970900A14872 /* pinglei_02.png in Resources */,
				27EFB23D1B7396E700A14872 /* changhe_04.png in Resources */,
				27EFB2301B73966800A14872 /* duixiang_05.png in Resources */,
				27EFB2391B7396E700A14872 /* changhe_00.png in Resources */,
				27EFB2321B73966800A14872 /* duixiang_07.png in Resources */,
				27EED2721B7489F7009F2DD2 /* mine_05.png in Resources */,
				27EFB2491B7396F600A14872 /* gexin_03.png in Resources */,
				27EED2711B7489F7009F2DD2 /* mine_04.png in Resources */,
				27EFB22D1B73966800A14872 /* duixiang_02.png in Resources */,
				27EA9A081B7313C6003559C0 /* Default-568h@2x.png in Resources */,
				27EFB2311B73966800A14872 /* duixiang_06.png in Resources */,
				27BA813E1B71AB1B005B527B /* iconfont-jia.png in Resources */,
				27EFB23A1B7396E700A14872 /* changhe_01.png in Resources */,
				27BA813C1B71AADF005B527B /* iconfont-wode.png in Resources */,
				27DD23E01B70514700C61546 /* Images.xcassets in Resources */,
				27EFB22F1B73966800A14872 /* duixiang_04.png in Resources */,
				27EFB2641B73970900A14872 /* pinglei_04.png in Resources */,
				27EFB2521B73970100A14872 /* jiage_00.png in Resources */,
				27EFB2631B73970900A14872 /* pinglei_03.png in Resources */,
				27EFB2611B73970900A14872 /* pinglei_01.png in Resources */,
				27EFB2601B73970900A14872 /* pinglei_00.png in Resources */,
				27EFB2541B73970100A14872 /* jiage_02.png in Resources */,
				27EFB2681B73970900A14872 /* pinglei_08.png in Resources */,
				27EED26F1B7489F7009F2DD2 /* mine_02.png in Resources */,
				27E6AE0F1B787C30008CE686 /* iconfont-user.png in Resources */,
				27EFB24A1B7396F600A14872 /* gexin_04.png in Resources */,
				27EFB23B1B7396E700A14872 /* changhe_02.png in Resources */,
				27BA81861B71FAFB005B527B /* iconfont-icon83.png in Resources */,
				27EFB2651B73970900A14872 /* pinglei_05.png in Resources */,
				27E6ADFD1B785658008CE686 /* IQKeyboardManager.bundle in Resources */,
				27EED2741B748D90009F2DD2 /* mine_00.png in Resources */,
				27EFB24C1B7396F600A14872 /* gexin_06.png in Resources */,
			);
			runOnlyForDeploymentPostprocessing = 0;
		};
		27DD23E61B70514700C61546 /* Resources */ = {
			isa = PBXResourcesBuildPhase;
			buildActionMask = 2147483647;
			files = (
			);
			runOnlyForDeploymentPostprocessing = 0;
		};
/* End PBXResourcesBuildPhase section */

/* Begin PBXSourcesBuildPhase section */
		27DD23CB1B70514700C61546 /* Sources */ = {
			isa = PBXSourcesBuildPhase;
			buildActionMask = 2147483647;
			files = (
				27DD23DB1B70514700C61546 /* ViewController.m in Sources */,
				2E7147991B75C0330063FA07 /* NSDictionary_IngoreNull.m in Sources */,
				27BA817B1B71C6A6005B527B /* UIImage+WebP.m in Sources */,
				27EED2661B7480C2009F2DD2 /* MineCell.m in Sources */,
				27EFB2151B73518D00A14872 /* MXPullDownMenu.m in Sources */,
				27E6AE021B785658008CE686 /* IQToolbar.m in Sources */,
				27EED2771B7495B1009F2DD2 /* ThemeViewController.m in Sources */,
				27DD23D81B70514700C61546 /* AppDelegate.m in Sources */,
				27E6AE041B785658008CE686 /* UIView+Hierarchy.m in Sources */,
				27DD24041B705C8400C61546 /* MainCell.m in Sources */,
				27DD23FF1B70584700C61546 /* UIColor+HexColor.m in Sources */,
				272B6DAD1B709CF1006CCFE6 /* ImageScroller.m in Sources */,
				27DD23D51B70514700C61546 /* main.m in Sources */,
				27E6ADE51B7855EA008CE686 /* LoginViewController.m in Sources */,
				27E6AE011B785658008CE686 /* IQTitleBarButtonItem.m in Sources */,
				2E7A78C21B77CA79004A58AB /* RMViewController.m in Sources */,
				27E6AE001B785658008CE686 /* IQTextView.m in Sources */,
				2E7A78B91B77CA5B004A58AB /* ProgressView.m in Sources */,
				27BA81751B71C6A6005B527B /* SDWebImageDownloaderOperation.m in Sources */,
				27BA81411B71ABA3005B527B /* MainTabBar.m in Sources */,
				27BA81711B71C6A6005B527B /* SDImageCache.m in Sources */,
				27DD240B1B7061A000C61546 /* ImageDownloader.m in Sources */,
				27DD240E1B70639B00C61546 /* NetWork.m in Sources */,
				2E7A78BF1B77CA65004A58AB /* RMDownloadIndicator.m in Sources */,
				27E6AE051B785658008CE686 /* UIView+IQKeyboardToolbar.m in Sources */,
				27BA81441B71B508005B527B /* UIImage+Color.m in Sources */,
				27BA81721B71C6A6005B527B /* SDWebImageCompat.m in Sources */,
				27BA81701B71C6A6005B527B /* NSData+ImageContentType.m in Sources */,
				27E6AE031B785658008CE686 /* NSArray+Sort.m in Sources */,
				27BA81491B71B671005B527B /* UIImage+RTTint.m in Sources */,
				27BA81761B71C6A6005B527B /* SDWebImageManager.m in Sources */,
				27E6AE061B785658008CE686 /* UIWindow+Hierarchy.m in Sources */,
				2E4D41BF1B72870400AA314E /* CouViewController.m in Sources */,
				27E6AE0B1B785B49008CE686 /* RCRoundButton.m in Sources */,
				27BA81741B71C6A6005B527B /* SDWebImageDownloader.m in Sources */,
				27EA99FE1B72F4A3003559C0 /* CouCell.m in Sources */,
				27BA817D1B71C6A6005B527B /* UIImageView+WebCache.m in Sources */,
				27EFB2191B73737C00A14872 /* CategoryViewController.m in Sources */,
				27E6ADFE1B785658008CE686 /* IQKeyboardManager.m in Sources */,
				27BA817C1B71C6A6005B527B /* UIImageView+HighlightedWebCache.m in Sources */,
				27EA9A0C1B731777003559C0 /* SearchViewController.m in Sources */,
				27BA816F1B71C6A6005B527B /* MKAnnotationView+WebCache.m in Sources */,
				27EA9A111B733208003559C0 /* DropDownList.m in Sources */,
				27E6ADFF1B785658008CE686 /* IQSegmentedNextPrevious.m in Sources */,
				27BA81791B71C6A6005B527B /* UIImage+GIF.m in Sources */,
				2E7A78BE1B77CA65004A58AB /* RMDisplayLabel.m in Sources */,
				27DD23FB1B70565700C61546 /* MainViewController.m in Sources */,
				27BA81771B71C6A6005B527B /* SDWebImagePrefetcher.m in Sources */,
				27EA9A021B72F662003559C0 /* BaseViewController.m in Sources */,
				27EFB21E1B737ED600A14872 /* CategoryCell.m in Sources */,
				27BA81781B71C6A6005B527B /* UIButton+WebCache.m in Sources */,
				27BA817A1B71C6A6005B527B /* UIImage+MultiFormat.m in Sources */,
				27BA81811B71EA77005B527B /* LoadMoreTableView.m in Sources */,
				27BA81731B71C6A6005B527B /* SDWebImageDecoder.m in Sources */,
				2E5AB33C1B726D7300E65D5D /* TabBarViewController.m in Sources */,
				27E6AE141B78861C008CE686 /* RegisterViewController.m in Sources */,
				27EED2561B7462B1009F2DD2 /* MineViewController.m in Sources */,
				27BA81841B71F80E005B527B /* Banner.m in Sources */,
				27BA817E1B71C6A6005B527B /* UIView+WebCacheOperation.m in Sources */,
				272B6DB01B70A73F006CCFE6 /* UIImageView+NetWork.m in Sources */,
			);
			runOnlyForDeploymentPostprocessing = 0;
		};
		27DD23E41B70514700C61546 /* Sources */ = {
			isa = PBXSourcesBuildPhase;
			buildActionMask = 2147483647;
			files = (
				27DD23EF1B70514700C61546 /* angelslikeTests.m in Sources */,
			);
			runOnlyForDeploymentPostprocessing = 0;
		};
/* End PBXSourcesBuildPhase section */

/* Begin PBXTargetDependency section */
		27DD23EA1B70514700C61546 /* PBXTargetDependency */ = {
			isa = PBXTargetDependency;
			target = 27DD23CE1B70514700C61546 /* angelslike */;
			targetProxy = 27DD23E91B70514700C61546 /* PBXContainerItemProxy */;
		};
/* End PBXTargetDependency section */

/* Begin XCBuildConfiguration section */
		27DD23F01B70514700C61546 /* Debug */ = {
			isa = XCBuildConfiguration;
			buildSettings = {
				ALWAYS_SEARCH_USER_PATHS = NO;
				CLANG_CXX_LANGUAGE_STANDARD = "gnu++0x";
				CLANG_CXX_LIBRARY = "libc++";
				CLANG_ENABLE_MODULES = YES;
				CLANG_ENABLE_OBJC_ARC = YES;
				CLANG_WARN_BOOL_CONVERSION = YES;
				CLANG_WARN_CONSTANT_CONVERSION = YES;
				CLANG_WARN_DIRECT_OBJC_ISA_USAGE = YES_ERROR;
				CLANG_WARN_EMPTY_BODY = YES;
				CLANG_WARN_ENUM_CONVERSION = YES;
				CLANG_WARN_INT_CONVERSION = YES;
				CLANG_WARN_OBJC_ROOT_CLASS = YES_ERROR;
				CLANG_WARN_UNREACHABLE_CODE = YES;
				CLANG_WARN__DUPLICATE_METHOD_MATCH = YES;
				"CODE_SIGN_IDENTITY[sdk=iphoneos*]" = "iPhone Developer";
				COPY_PHASE_STRIP = NO;
				DEBUG_INFORMATION_FORMAT = "dwarf-with-dsym";
				ENABLE_STRICT_OBJC_MSGSEND = YES;
				GCC_C_LANGUAGE_STANDARD = gnu99;
				GCC_DYNAMIC_NO_PIC = NO;
				GCC_NO_COMMON_BLOCKS = YES;
				GCC_OPTIMIZATION_LEVEL = 0;
				GCC_PREPROCESSOR_DEFINITIONS = (
					"DEBUG=1",
					"$(inherited)",
				);
				GCC_SYMBOLS_PRIVATE_EXTERN = NO;
				GCC_WARN_64_TO_32_BIT_CONVERSION = YES;
				GCC_WARN_ABOUT_RETURN_TYPE = YES_ERROR;
				GCC_WARN_UNDECLARED_SELECTOR = YES;
				GCC_WARN_UNINITIALIZED_AUTOS = YES_AGGRESSIVE;
				GCC_WARN_UNUSED_FUNCTION = YES;
				GCC_WARN_UNUSED_VARIABLE = YES;
				IPHONEOS_DEPLOYMENT_TARGET = 8.4;
				MTL_ENABLE_DEBUG_INFO = YES;
				ONLY_ACTIVE_ARCH = YES;
				SDKROOT = iphoneos;
			};
			name = Debug;
		};
		27DD23F11B70514700C61546 /* Release */ = {
			isa = XCBuildConfiguration;
			buildSettings = {
				ALWAYS_SEARCH_USER_PATHS = NO;
				CLANG_CXX_LANGUAGE_STANDARD = "gnu++0x";
				CLANG_CXX_LIBRARY = "libc++";
				CLANG_ENABLE_MODULES = YES;
				CLANG_ENABLE_OBJC_ARC = YES;
				CLANG_WARN_BOOL_CONVERSION = YES;
				CLANG_WARN_CONSTANT_CONVERSION = YES;
				CLANG_WARN_DIRECT_OBJC_ISA_USAGE = YES_ERROR;
				CLANG_WARN_EMPTY_BODY = YES;
				CLANG_WARN_ENUM_CONVERSION = YES;
				CLANG_WARN_INT_CONVERSION = YES;
				CLANG_WARN_OBJC_ROOT_CLASS = YES_ERROR;
				CLANG_WARN_UNREACHABLE_CODE = YES;
				CLANG_WARN__DUPLICATE_METHOD_MATCH = YES;
				"CODE_SIGN_IDENTITY[sdk=iphoneos*]" = "iPhone Developer";
				COPY_PHASE_STRIP = NO;
				DEBUG_INFORMATION_FORMAT = "dwarf-with-dsym";
				ENABLE_NS_ASSERTIONS = NO;
				ENABLE_STRICT_OBJC_MSGSEND = YES;
				GCC_C_LANGUAGE_STANDARD = gnu99;
				GCC_NO_COMMON_BLOCKS = YES;
				GCC_WARN_64_TO_32_BIT_CONVERSION = YES;
				GCC_WARN_ABOUT_RETURN_TYPE = YES_ERROR;
				GCC_WARN_UNDECLARED_SELECTOR = YES;
				GCC_WARN_UNINITIALIZED_AUTOS = YES_AGGRESSIVE;
				GCC_WARN_UNUSED_FUNCTION = YES;
				GCC_WARN_UNUSED_VARIABLE = YES;
				IPHONEOS_DEPLOYMENT_TARGET = 8.4;
				MTL_ENABLE_DEBUG_INFO = NO;
				SDKROOT = iphoneos;
				VALIDATE_PRODUCT = YES;
			};
			name = Release;
		};
		27DD23F31B70514700C61546 /* Debug */ = {
			isa = XCBuildConfiguration;
			buildSettings = {
				ASSETCATALOG_COMPILER_APPICON_NAME = AppIcon;
				CODE_SIGN_IDENTITY = "iPhone Developer";
				INFOPLIST_FILE = angelslike/Info.plist;
				IPHONEOS_DEPLOYMENT_TARGET = 7.0;
				LD_RUNPATH_SEARCH_PATHS = "$(inherited) @executable_path/Frameworks";
				PRODUCT_NAME = "$(TARGET_NAME)";
			};
			name = Debug;
		};
		27DD23F41B70514700C61546 /* Release */ = {
			isa = XCBuildConfiguration;
			buildSettings = {
				ASSETCATALOG_COMPILER_APPICON_NAME = AppIcon;
				CODE_SIGN_IDENTITY = "iPhone Developer";
				INFOPLIST_FILE = angelslike/Info.plist;
				IPHONEOS_DEPLOYMENT_TARGET = 7.0;
				LD_RUNPATH_SEARCH_PATHS = "$(inherited) @executable_path/Frameworks";
				PRODUCT_NAME = "$(TARGET_NAME)";
			};
			name = Release;
		};
		27DD23F61B70514700C61546 /* Debug */ = {
			isa = XCBuildConfiguration;
			buildSettings = {
				BUNDLE_LOADER = "$(TEST_HOST)";
				FRAMEWORK_SEARCH_PATHS = (
					"$(SDKROOT)/Developer/Library/Frameworks",
					"$(inherited)",
				);
				GCC_PREPROCESSOR_DEFINITIONS = (
					"DEBUG=1",
					"$(inherited)",
				);
				INFOPLIST_FILE = angelslikeTests/Info.plist;
				LD_RUNPATH_SEARCH_PATHS = "$(inherited) @executable_path/Frameworks @loader_path/Frameworks";
				PRODUCT_NAME = "$(TARGET_NAME)";
				TEST_HOST = "$(BUILT_PRODUCTS_DIR)/angelslike.app/angelslike";
			};
			name = Debug;
		};
		27DD23F71B70514700C61546 /* Release */ = {
			isa = XCBuildConfiguration;
			buildSettings = {
				BUNDLE_LOADER = "$(TEST_HOST)";
				FRAMEWORK_SEARCH_PATHS = (
					"$(SDKROOT)/Developer/Library/Frameworks",
					"$(inherited)",
				);
				INFOPLIST_FILE = angelslikeTests/Info.plist;
				LD_RUNPATH_SEARCH_PATHS = "$(inherited) @executable_path/Frameworks @loader_path/Frameworks";
				PRODUCT_NAME = "$(TARGET_NAME)";
				TEST_HOST = "$(BUILT_PRODUCTS_DIR)/angelslike.app/angelslike";
			};
			name = Release;
		};
/* End XCBuildConfiguration section */

/* Begin XCConfigurationList section */
		27DD23CA1B70514700C61546 /* Build configuration list for PBXProject "angelslike" */ = {
			isa = XCConfigurationList;
			buildConfigurations = (
				27DD23F01B70514700C61546 /* Debug */,
				27DD23F11B70514700C61546 /* Release */,
			);
			defaultConfigurationIsVisible = 0;
			defaultConfigurationName = Release;
		};
		27DD23F21B70514700C61546 /* Build configuration list for PBXNativeTarget "angelslike" */ = {
			isa = XCConfigurationList;
			buildConfigurations = (
				27DD23F31B70514700C61546 /* Debug */,
				27DD23F41B70514700C61546 /* Release */,
			);
			defaultConfigurationIsVisible = 0;
			defaultConfigurationName = Release;
		};
		27DD23F51B70514700C61546 /* Build configuration list for PBXNativeTarget "angelslikeTests" */ = {
			isa = XCConfigurationList;
			buildConfigurations = (
				27DD23F61B70514700C61546 /* Debug */,
				27DD23F71B70514700C61546 /* Release */,
			);
			defaultConfigurationIsVisible = 0;
			defaultConfigurationName = Release;
		};
/* End XCConfigurationList section */
	};
	rootObject = 27DD23C71B70514700C61546 /* Project object */;
}
